{"_meta":{"file-type":"spack-lockfile","lockfile-version":6,"specfile-version":5},"spack":{"version":"1.2.0.dev0","type":"git","commit":"36e2559f4a6c733b9d93bd0b652f82682a77fb31"},"roots":[{"hash":"uzzi3nopedowmhgff4ryaz2dswx6h4gy","spec":"cli11"},{"hash":"7dqkkumc7cbvfx6nesj4ptrgefi46siv","spec":"cmake"},{"hash":"gxalty2xndiarmy2qcbav64uu6p5kylz","spec":"nlohmann-json"},{"hash":"hlklfofc465ucfkccf4gufsnlwtip5rr","spec":"googletest@1.10:"},{"hash":"d2l24owxlmkdav5mjnlx2bzcg3kjxpj7","spec":"python@3.9:"},{"hash":"fkbrlmur4wty6dql3c35mce4z2if4vk3","spec":"ccache"},{"hash":"23izb7itq7jlji5pppigbrncgksgpty5","spec":"ninja"}],"concrete_specs":{"uzzi3nopedowmhgff4ryaz2dswx6h4gy":{"name":"cli11","version":"2.6.1","arch":{"platform":"darwin","platform_os":"tahoe","target":{"name":"m4","vendor":"Apple","features":["aes","asimd","asimddp","asimdfhm","asimdhp","asimdrdm","atomics","bf16","bti","cpuid","crc32","dcpodp","dcpop","dit","ecv","evtstrm","fcma","flagm","flagm2","fp","fphp","frint","i8mm","ilrcpc","jscvt","lrcpc","paca","pacg","pmull","sb","sha1","sha2","sha3","sha512","sme","sme2","ssbs","uscat"],"generation":0,"parents":["m3","armv8.6a"],"cpupart":"Unknown"}},"namespace":"builtin","parameters":{"build_system":"cmake","build_type":"Release","generator":"ninja","ipo":false,"pic":true,"precompiled":false,"cflags":[],"cppflags":[],"cxxflags":[],"fflags":[],"ldflags":[],"ldlibs":[]},"package_hash":"xnlcas3t7qi4dvwfbrng3u75y26vbp4ayhrm3gvvromxavc4zokq====","dependencies":[{"name":"apple-clang","hash":"ti7wjieqs6tajzpk3dehf3u5jnuqk37b","parameters":{"deptypes":["build"],"virtuals":["cxx"]}},{"name":"cmake","hash":"7dqkkumc7cbvfx6nesj4ptrgefi46siv","parameters":{"deptypes":["build"],"virtuals":[]}},{"name":"compiler-wrapper","hash":"wnl5y4jqd4f2ihrnvqiljsrf4pwx5w5b","parameters":{"deptypes":["build"],"virtuals":[]}},{"name":"ninja","hash":"23izb7itq7jlji5pppigbrncgksgpty5","parameters":{"deptypes":["build"],"virtuals":[]}}],"annotations":{"original_specfile_version":5},"hash":"uzzi3nopedowmhgff4ryaz2dswx6h4gy"},"ti7wjieqs6tajzpk3dehf3u5jnuqk37b":{"name":"apple-clang","version":"21.0.0","arch":{"platform":"darwin","platform_os":"tahoe","target":"aarch64"},"namespace":"builtin","parameters":{"build_system":"bundle","cflags":[],"cppflags":[],"cxxflags":[],"fflags":[],"ldflags":[],"ldlibs":[]},"external":{"path":"/usr","module":null,"extra_attributes":{"compilers":{"c":"/usr/bin/clang","cxx":"/usr/bin/clang++"}}},"package_hash":"wi7ij62tcqvlrtl7ilc5f65hwxccv5jdxx67uxydxm2c5tzywr7a====","annotations":{"original_specfile_version":5},"hash":"ti7wjieqs6tajzpk3dehf3u5jnuqk37b"},"7dqkkumc7cbvfx6nesj4ptrgefi46siv":{"name":"cmake","version":"4.3.1","arch":{"platform":"darwin","platform_os":"tahoe","target":"aarch64"},"namespace":"builtin","parameters":{"build_system":"generic","build_type":"Release","doc":false,"ncurses":true,"ownlibs":true,"qtgui":false,"cflags":[],"cppflags":[],"cxxflags":[],"fflags":[],"ldflags":[],"ldlibs":[]},"external":{"path":"/opt/homebrew/opt/cmake","module":null,"extra_attributes":{}},"package_hash":"n3ldscne7xdusikzhqmo2m4vrlx5buemyoi6uyul7rh3rhygukla====","annotations":{"original_specfile_version":5},"hash":"7dqkkumc7cbvfx6nesj4ptrgefi46siv"},"wnl5y4jqd4f2ihrnvqiljsrf4pwx5w5b":{"name":"compiler-wrapper","version":"1.0","arch":{"platform":"darwin","platform_os":"tahoe","target":{"name":"m4","vendor":"Apple","features":["aes","asimd","asimddp","asimdfhm","asimdhp","asimdrdm","atomics","bf16","bti","cpuid","crc32","dcpodp","dcpop","dit","ecv","evtstrm","fcma","flagm","flagm2","fp","fphp","frint","i8mm","ilrcpc","jscvt","lrcpc","paca","pacg","pmull","sb","sha1","sha2","sha3","sha512","sme","sme2","ssbs","uscat"],"generation":0,"parents":["m3","armv8.6a"],"cpupart":"Unknown"}},"namespace":"builtin","parameters":{"build_system":"generic","cflags":[],"cppflags":[],"cxxflags":[],"fflags":[],"ldflags":[],"ldlibs":[]},"package_hash":"ribsnwyf4lfbvh7cm2ciz3g3uhzya2ffxexiw645mtmt4v3y43jq====","annotations":{"original_specfile_version":5},"hash":"wnl5y4jqd4f2ihrnvqiljsrf4pwx5w5b"},"23izb7itq7jlji5pppigbrncgksgpty5":{"name":"ninja","version":"1.13.2","arch":{"platform":"darwin","platform_os":"tahoe","target":"aarch64"},"namespace":"builtin","parameters":{"build_system":"generic","re2c":true,"cflags":[],"cppflags":[],"cxxflags":[],"fflags":[],"ldflags":[],"ldlibs":[]},"external":{"path":"/opt/homebrew/opt/ninja","module":null,"extra_attributes":{}},"package_hash":"uuvqgx4th7p23zkj3upav45jkieybnujaxafz6gfydixqhnfdmaq====","annotations":{"original_specfile_version":5},"hash":"23izb7itq7jlji5pppigbrncgksgpty5"},"gxalty2xndiarmy2qcbav64uu6p5kylz":{"name":"nlohmann-json","version":"3.12.0","arch":{"platform":"darwin","platform_os":"tahoe","target":{"name":"m4","vendor":"Apple","features":["aes","asimd","asimddp","asimdfhm","asimdhp","asimdrdm","atomics","bf16","bti","cpuid","crc32","dcpodp","dcpop","dit","ecv","evtstrm","fcma","flagm","flagm2","fp","fphp","frint","i8mm","ilrcpc","jscvt","lrcpc","paca","pacg","pmull","sb","sha1","sha2","sha3","sha512","sme","sme2","ssbs","uscat"],"generation":0,"parents":["m3","armv8.6a"],"cpupart":"Unknown"}},"namespace":"builtin","parameters":{"build_system":"cmake","build_type":"Release","generator":"ninja","ipo":false,"multiple_headers":true,"cflags":[],"cppflags":[],"cxxflags":[],"fflags":[],"ldflags":[],"ldlibs":[]},"package_hash":"zoo3fcgyzzmw4ldxl54o4z33trs3mdnmsbb7qdxcxmiuyo32o7sa====","dependencies":[{"name":"apple-clang","hash":"ti7wjieqs6tajzpk3dehf3u5jnuqk37b","parameters":{"deptypes":["build"],"virtuals":["c","cxx"]}},{"name":"cmake","hash":"7dqkkumc7cbvfx6nesj4ptrgefi46siv","parameters":{"deptypes":["build"],"virtuals":[]}},{"name":"compiler-wrapper","hash":"wnl5y4jqd4f2ihrnvqiljsrf4pwx5w5b","parameters":{"deptypes":["build"],"virtuals":[]}},{"name":"ninja","hash":"23izb7itq7jlji5pppigbrncgksgpty5","parameters":{"deptypes":["build"],"virtuals":[]}}],"annotations":{"original_specfile_version":5},"hash":"gxalty2xndiarmy2qcbav64uu6p5kylz"},"hlklfofc465ucfkccf4gufsnlwtip5rr":{"name":"googletest","version":"1.17.0","arch":{"platform":"darwin","platform_os":"tahoe","target":{"name":"m4","vendor":"Apple","features":["aes","asimd","asimddp","asimdfhm","asimdhp","asimdrdm","atomics","bf16","bti","cpuid","crc32","dcpodp","dcpop","dit","ecv","evtstrm","fcma","flagm","flagm2","fp","fphp","frint","i8mm","ilrcpc","jscvt","lrcpc","paca","pacg","pmull","sb","sha1","sha2","sha3","sha512","sme","sme2","ssbs","uscat"],"generation":0,"parents":["m3","armv8.6a"],"cpupart":"Unknown"}},"namespace":"builtin","parameters":{"absl":false,"build_system":"cmake","build_type":"Release","cxxstd":"20","generator":"ninja","gmock":true,"ipo":false,"pthreads":true,"shared":true,"cflags":[],"cppflags":[],"cxxflags":[],"fflags":[],"ldflags":[],"ldlibs":[]},"package_hash":"dr4f2qykkdesjyx5fvlg67aqaj5wdh22agp2wpby2sawhg3v3kfq====","dependencies":[{"name":"apple-clang","hash":"ti7wjieqs6tajzpk3dehf3u5jnuqk37b","parameters":{"deptypes":["build"],"virtuals":["c","cxx"]}},{"name":"cmake","hash":"7dqkkumc7cbvfx6nesj4ptrgefi46siv","parameters":{"deptypes":["build"],"virtuals":[]}},{"name":"compiler-wrapper","hash":"wnl5y4jqd4f2ihrnvqiljsrf4pwx5w5b","parameters":{"deptypes":["build"],"virtuals":[]}},{"name":"ninja","hash":"23izb7itq7jlji5pppigbrncgksgpty5","parameters":{"deptypes":["build"],"virtuals":[]}}],"annotations":{"original_specfile_version":5},"hash":"hlklfofc465ucfkccf4gufsnlwtip5rr"},"d2l24owxlmkdav5mjnlx2bzcg3kjxpj7":{"name":"python","version":"3.14.3","arch":{"platform":"darwin","platform_os":"tahoe","target":"aarch64"},"namespace":"builtin","parameters":{"build_system":"generic","bz2":true,"ctypes":true,"dbm":true,"debug":false,"freethreading":false,"libxml2":true,"lzma":true,"optimizations":false,"pic":true,"pyexpat":true,"pythoncmd":false,"readline":true,"shared":true,"sqlite3":true,"ssl":true,"static":false,"tests":false,"tkinter":false,"uuid":true,"zlib":true,"zstd":true,"cflags":[],"cppflags":[],"cxxflags":[],"fflags":[],"ldflags":[],"ldlibs":[]},"external":{"path":"/opt/homebrew/opt/python@3","module":null,"extra_attributes":{}},"package_hash":"3g4hx6nledrfbosvbceltvfy3pwveanmpbnz3gt27deqfc2u4oia====","annotations":{"original_specfile_version":5},"hash":"d2l24owxlmkdav5mjnlx2bzcg3kjxpj7"},"fkbrlmur4wty6dql3c35mce4z2if4vk3":{"name":"ccache","version":"4.13.2","arch":{"platform":"darwin","platform_os":"tahoe","target":"aarch64"},"namespace":"builtin","parameters":{"build_system":"cmake","build_type":"Release","generator":"make","redis":true,"cflags":[],"cppflags":[],"cxxflags":[],"fflags":[],"ldflags":[],"ldlibs":[]},"external":{"path":"/opt/homebrew/opt/ccache","module":null,"extra_attributes":{}},"package_hash":"4rpf3fnngrtclppqibyx5z2ml73efazedlbs3g42xbxnxmjascsa====","annotations":{"original_specfile_version":5},"hash":"fkbrlmur4wty6dql3c35mce4z2if4vk3"}}}