{"_meta":{"file-type":"spack-lockfile","lockfile-version":8,"specfile-version":6},"spack":{"version":"1.3.0.dev0","type":"git","commit":"86d6ba552932ed3031d986b4c65e4be20a0213e7"},"roots":[{"hash":"g53jh3gxjj5exozrofumcxezjncpegwr","spec":"cmake"},{"hash":"b4rxdqcpi6z4wjbwl6wzvdi4oijkhgj2","spec":"googletest"},{"hash":"pavoef7iyx3otceb6fuk23kjdyzo2psj","spec":"geant4"},{"hash":"5dag6ndl7u4cts25yqczdbjl533nm6qi","spec":"vecgeom"}],"concrete_specs":{"g53jh3gxjj5exozrofumcxezjncpegwr":{"name":"cmake","version":"4.4.4","arch":{"platform":"darwin","platform_os":"goldengate","target":"aarch64"},"namespace":"builtin","parameters":{"build_system":"generic","build_type":"Release","doc":false,"ncurses":true,"ownlibs":true,"qtgui":false,"cflags":[],"cppflags":[],"cxxflags":[],"fflags":[],"ldflags":[],"ldlibs":[]},"external":{"path":"/opt/homebrew/opt/cmake","module":null,"extra_attributes":{}},"package_hash":"mnnn6z2tdoxme4hz24mc5if5no7wgwyyyhjpmkk6ff4u75yqn4aq====","annotations":{"original_specfile_version":6},"hash":"g53jh3gxjj5exozrofumcxezjncpegwr"},"b4rxdqcpi6z4wjbwl6wzvdi4oijkhgj2":{"name":"googletest","version":"1.18.0","arch":{"platform":"darwin","platform_os":"goldengate","target":{"name":"m4","vendor":"Apple","features":["aes","asimd","asimddp","asimdfhm","asimdhp","asimdrdm","atomics","bf16","bti","cpuid","crc32","dcpodp","dcpop","dit","ecv","evtstrm","fcma","flagm","flagm2","fp","fphp","frint","i8mm","ilrcpc","jscvt","lrcpc","paca","pacg","pmull","sb","sha1","sha2","sha3","sha512","sme","sme2","ssbs","uscat"],"generation":0,"parents":["m3","armv8.6a"],"cpupart":"Unknown"}},"namespace":"builtin","parameters":{"absl":false,"build_system":"cmake","build_type":"Release","cxxstd":"20","generator":"make","gmock":true,"ipo":false,"pthreads":true,"shared":true,"cflags":[],"cppflags":[],"cxxflags":[],"fflags":[],"ldflags":[],"ldlibs":[]},"package_hash":"foqkgrca5u36ewuzlam4zhi4l7m6nsww77w5w53jezvbnacmepia====","dependencies":[{"name":"apple-clang","hash":"lr3pfwcog3nxp4vgqbq3pyeacum2goar","parameters":{"deptypes":["build"],"virtuals":["c","cxx"]}},{"name":"cmake","hash":"g53jh3gxjj5exozrofumcxezjncpegwr","parameters":{"deptypes":["build"],"virtuals":[]}},{"name":"compiler-wrapper","hash":"ltpdulqstlkls4aaouph5mrxhzd242ox","parameters":{"deptypes":["build"],"virtuals":[]}},{"name":"gmake","hash":"ryduvodrzyocvnaalpy5o2gtctx5ytd3","parameters":{"deptypes":["build"],"virtuals":[]}}],"annotations":{"original_specfile_version":6},"hash":"b4rxdqcpi6z4wjbwl6wzvdi4oijkhgj2"},"lr3pfwcog3nxp4vgqbq3pyeacum2goar":{"name":"apple-clang","version":"21.0.0","arch":{"platform":"darwin","platform_os":"goldengate","target":"aarch64"},"namespace":"builtin","parameters":{"build_system":"bundle","cflags":[],"cppflags":[],"cxxflags":[],"fflags":[],"ldflags":[],"ldlibs":[]},"external":{"path":"/Library/Developer/CommandLineTools/usr","module":null,"extra_attributes":{"compilers":{"c":"/Library/Developer/CommandLineTools/usr/bin/clang","cxx":"/Library/Developer/CommandLineTools/usr/bin/clang++"}}},"package_hash":"wi7ij62tcqvlrtl7ilc5f65hwxccv5jdxx67uxydxm2c5tzywr7a====","provided_virtuals":["c","cxx"],"annotations":{"original_specfile_version":6},"hash":"lr3pfwcog3nxp4vgqbq3pyeacum2goar"},"ltpdulqstlkls4aaouph5mrxhzd242ox":{"name":"compiler-wrapper","version":"1.1.0","arch":{"platform":"darwin","platform_os":"goldengate","target":{"name":"m4","vendor":"Apple","features":["aes","asimd","asimddp","asimdfhm","asimdhp","asimdrdm","atomics","bf16","bti","cpuid","crc32","dcpodp","dcpop","dit","ecv","evtstrm","fcma","flagm","flagm2","fp","fphp","frint","i8mm","ilrcpc","jscvt","lrcpc","paca","pacg","pmull","sb","sha1","sha2","sha3","sha512","sme","sme2","ssbs","uscat"],"generation":0,"parents":["m3","armv8.6a"],"cpupart":"Unknown"}},"namespace":"builtin","parameters":{"build_system":"generic","cflags":[],"cppflags":[],"cxxflags":[],"fflags":[],"ldflags":[],"ldlibs":[]},"package_hash":"krswqw733edchvgy6sdrysilrhnacucktrtqngbnbtcymxtsnkaa====","annotations":{"original_specfile_version":6},"hash":"ltpdulqstlkls4aaouph5mrxhzd242ox"},"ryduvodrzyocvnaalpy5o2gtctx5ytd3":{"name":"gmake","version":"4.4.1","arch":{"platform":"darwin","platform_os":"goldengate","target":{"name":"m4","vendor":"Apple","features":["aes","asimd","asimddp","asimdfhm","asimdhp","asimdrdm","atomics","bf16","bti","cpuid","crc32","dcpodp","dcpop","dit","ecv","evtstrm","fcma","flagm","flagm2","fp","fphp","frint","i8mm","ilrcpc","jscvt","lrcpc","paca","pacg","pmull","sb","sha1","sha2","sha3","sha512","sme","sme2","ssbs","uscat"],"generation":0,"parents":["m3","armv8.6a"],"cpupart":"Unknown"}},"namespace":"builtin","parameters":{"build_system":"generic","guile":false,"cflags":[],"cppflags":[],"cxxflags":[],"fflags":[],"ldflags":[],"ldlibs":[]},"package_hash":"t7cpl3gi3q6vihjpyqrvviu4rlsgcfjvv4mt4rcq3wie2i7jr6sq====","dependencies":[{"name":"apple-clang","hash":"lr3pfwcog3nxp4vgqbq3pyeacum2goar","parameters":{"deptypes":["build"],"virtuals":["c"]}},{"name":"compiler-wrapper","hash":"ltpdulqstlkls4aaouph5mrxhzd242ox","parameters":{"deptypes":["build"],"virtuals":[]}}],"annotations":{"original_specfile_version":6},"hash":"ryduvodrzyocvnaalpy5o2gtctx5ytd3"},"pavoef7iyx3otceb6fuk23kjdyzo2psj":{"name":"geant4","version":"11.3.2","arch":{"platform":"darwin","platform_os":"goldengate","target":{"name":"m4","vendor":"Apple","features":["aes","asimd","asimddp","asimdfhm","asimdhp","asimdrdm","atomics","bf16","bti","cpuid","crc32","dcpodp","dcpop","dit","ecv","evtstrm","fcma","flagm","flagm2","fp","fphp","frint","i8mm","ilrcpc","jscvt","lrcpc","paca","pacg","pmull","sb","sha1","sha2","sha3","sha512","sme","sme2","ssbs","uscat"],"generation":0,"parents":["m3","armv8.6a"],"cpupart":"Unknown"}},"namespace":"builtin","parameters":{"build_system":"cmake","build_type":"Release","cxxstd":"20","data":true,"examples":true,"generator":"ninja","hdf5":false,"ipo":false,"opengl":false,"qt":false,"tbb":false,"threads":true,"vecgeom":false,"vtk":false,"cflags":[],"cppflags":[],"cxxflags":[],"fflags":[],"ldflags":[],"ldlibs":[]},"package_hash":"oaxsyh6f6gl3wtvd4nmfq354z6okiepo66bnwkjxenievqoaxrcq====","dependencies":[{"name":"apple-clang","hash":"lr3pfwcog3nxp4vgqbq3pyeacum2goar","parameters":{"deptypes":["build"],"virtuals":["c","cxx"]}},{"name":"clhep","hash":"cl3wh2urdqghlnftyqw6s72muepsdos2","parameters":{"deptypes":["build","link"],"virtuals":[]}},{"name":"cmake","hash":"g53jh3gxjj5exozrofumcxezjncpegwr","parameters":{"deptypes":["build"],"virtuals":[]}},{"name":"compiler-wrapper","hash":"ltpdulqstlkls4aaouph5mrxhzd242ox","parameters":{"deptypes":["build"],"virtuals":[]}},{"name":"expat","hash":"srnjanghhaoo5o2e7w6exxjbwoxag4uq","parameters":{"deptypes":["build","link"],"virtuals":[]}},{"name":"geant4-data","hash":"vbbdfkzmeyanosyod22lidk4lt6dgcwl","parameters":{"deptypes":["run"],"virtuals":[]}},{"name":"ninja","hash":"4nbab6lkpgam5hwwai3z7wmw7aq5gg6d","parameters":{"deptypes":["build"],"virtuals":[]}},{"name":"xerces-c","hash":"mrpksu6nhgq3bamsnplqkvui74zbm6c4","parameters":{"deptypes":["build","link"],"virtuals":[]}},{"name":"zlib-ng","hash":"jvko7f52kvbti6rml76vb25c35dnq2ze","parameters":{"deptypes":["build","link"],"virtuals":["zlib-api"]}}],"annotations":{"original_specfile_version":6},"hash":"pavoef7iyx3otceb6fuk23kjdyzo2psj"},"cl3wh2urdqghlnftyqw6s72muepsdos2":{"name":"clhep","version":"2.4.7.2","arch":{"platform":"darwin","platform_os":"goldengate","target":{"name":"m4","vendor":"Apple","features":["aes","asimd","asimddp","asimdfhm","asimdhp","asimdrdm","atomics","bf16","bti","cpuid","crc32","dcpodp","dcpop","dit","ecv","evtstrm","fcma","flagm","flagm2","fp","fphp","frint","i8mm","ilrcpc","jscvt","lrcpc","paca","pacg","pmull","sb","sha1","sha2","sha3","sha512","sme","sme2","ssbs","uscat"],"generation":0,"parents":["m3","armv8.6a"],"cpupart":"Unknown"}},"namespace":"builtin","parameters":{"build_system":"cmake","build_type":"Release","cms":false,"cxxstd":"20","generator":"make","ipo":false,"cflags":[],"cppflags":[],"cxxflags":[],"fflags":[],"ldflags":[],"ldlibs":[]},"package_hash":"hlgmpjclsnr6xw3t2hxxc3hyo7rhdxaopmcjejwwex442a66dk2q====","dependencies":[{"name":"apple-clang","hash":"lr3pfwcog3nxp4vgqbq3pyeacum2goar","parameters":{"deptypes":["build"],"virtuals":["c","cxx"]}},{"name":"cmake","hash":"g53jh3gxjj5exozrofumcxezjncpegwr","parameters":{"deptypes":["build"],"virtuals":[]}},{"name":"compiler-wrapper","hash":"ltpdulqstlkls4aaouph5mrxhzd242ox","parameters":{"deptypes":["build"],"virtuals":[]}},{"name":"gmake","hash":"ryduvodrzyocvnaalpy5o2gtctx5ytd3","parameters":{"deptypes":["build"],"virtuals":[]}}],"annotations":{"original_specfile_version":6},"hash":"cl3wh2urdqghlnftyqw6s72muepsdos2"},"srnjanghhaoo5o2e7w6exxjbwoxag4uq":{"name":"expat","version":"2.8.5","arch":{"platform":"darwin","platform_os":"goldengate","target":{"name":"m4","vendor":"Apple","features":["aes","asimd","asimddp","asimdfhm","asimdhp","asimdrdm","atomics","bf16","bti","cpuid","crc32","dcpodp","dcpop","dit","ecv","evtstrm","fcma","flagm","flagm2","fp","fphp","frint","i8mm","ilrcpc","jscvt","lrcpc","paca","pacg","pmull","sb","sha1","sha2","sha3","sha512","sme","sme2","ssbs","uscat"],"generation":0,"parents":["m3","armv8.6a"],"cpupart":"Unknown"}},"namespace":"builtin","parameters":{"build_system":"autotools","libbsd":false,"pic":true,"cflags":[],"cppflags":[],"cxxflags":[],"fflags":[],"ldflags":[],"ldlibs":[]},"package_hash":"glbxgrss3wh73r4teyls4r75ax3fzq2ukivlbmnj6bohgoznujka====","dependencies":[{"name":"apple-clang","hash":"lr3pfwcog3nxp4vgqbq3pyeacum2goar","parameters":{"deptypes":["build"],"virtuals":["c","cxx"]}},{"name":"compiler-wrapper","hash":"ltpdulqstlkls4aaouph5mrxhzd242ox","parameters":{"deptypes":["build"],"virtuals":[]}},{"name":"gmake","hash":"ryduvodrzyocvnaalpy5o2gtctx5ytd3","parameters":{"deptypes":["build"],"virtuals":[]}},{"name":"gnuconfig","hash":"4zbw45kbhfrlxdd54svmmcgycqjsstti","parameters":{"deptypes":["build"],"virtuals":[]}}],"annotations":{"original_specfile_version":6},"hash":"srnjanghhaoo5o2e7w6exxjbwoxag4uq"},"4zbw45kbhfrlxdd54svmmcgycqjsstti":{"name":"gnuconfig","version":"2025-07-10","arch":{"platform":"darwin","platform_os":"goldengate","target":{"name":"m4","vendor":"Apple","features":["aes","asimd","asimddp","asimdfhm","asimdhp","asimdrdm","atomics","bf16","bti","cpuid","crc32","dcpodp","dcpop","dit","ecv","evtstrm","fcma","flagm","flagm2","fp","fphp","frint","i8mm","ilrcpc","jscvt","lrcpc","paca","pacg","pmull","sb","sha1","sha2","sha3","sha512","sme","sme2","ssbs","uscat"],"generation":0,"parents":["m3","armv8.6a"],"cpupart":"Unknown"}},"namespace":"builtin","parameters":{"build_system":"generic","cflags":[],"cppflags":[],"cxxflags":[],"fflags":[],"ldflags":[],"ldlibs":[]},"package_hash":"g6zjj36dyki3z5v5vnjiqp5knhvogsphfmr5ocjr7fqzcnrwe3la====","annotations":{"original_specfile_version":6},"hash":"4zbw45kbhfrlxdd54svmmcgycqjsstti"},"vbbdfkzmeyanosyod22lidk4lt6dgcwl":{"name":"geant4-data","version":"11.3.0","arch":{"platform":"darwin","platform_os":"goldengate","target":{"name":"m4","vendor":"Apple","features":["aes","asimd","asimddp","asimdfhm","asimdhp","asimdrdm","atomics","bf16","bti","cpuid","crc32","dcpodp","dcpop","dit","ecv","evtstrm","fcma","flagm","flagm2","fp","fphp","frint","i8mm","ilrcpc","jscvt","lrcpc","paca","pacg","pmull","sb","sha1","sha2","sha3","sha512","sme","sme2","ssbs","uscat"],"generation":0,"parents":["m3","armv8.6a"],"cpupart":"Unknown"}},"namespace":"builtin","parameters":{"build_system":"bundle","nudexlib":true,"tendl":true,"urrpt":true,"cflags":[],"cppflags":[],"cxxflags":[],"fflags":[],"ldflags":[],"ldlibs":[]},"package_hash":"dtfc2cuyk2cilh6bwrscemudph5frdgqx527fl7z3catv5yivucq====","dependencies":[{"name":"g4abla","hash":"u6gasqtgrd4q7zhq7a42fceumsjyl5ka","parameters":{"deptypes":["build","run"],"virtuals":[]}},{"name":"g4channeling","hash":"g7xuq2gzntck2ucb2je3dzlilxeqkre2","parameters":{"deptypes":["build","run"],"virtuals":[]}},{"name":"g4emlow","hash":"spsneck6lt6eyknoaf726yrm2lralztp","parameters":{"deptypes":["build","run"],"virtuals":[]}},{"name":"g4ensdfstate","hash":"zwju35m5me66sboddm25c4v6wkopbewq","parameters":{"deptypes":["build","run"],"virtuals":[]}},{"name":"g4incl","hash":"c7dyo4fytcdkcxmdc2bebuo5dniqfdm5","parameters":{"deptypes":["build","run"],"virtuals":[]}},{"name":"g4ndl","hash":"cjr7xvmced4awk3hdcaq5wgtb6eygcfc","parameters":{"deptypes":["build","run"],"virtuals":[]}},{"name":"g4nudexlib","hash":"6q5aksnwy4ravdruf4isz5nd3xiek363","parameters":{"deptypes":["build","run"],"virtuals":[]}},{"name":"g4particlexs","hash":"sos7ounjjrewlhfzqtbvo237ypsupjmn","parameters":{"deptypes":["build","run"],"virtuals":[]}},{"name":"g4photonevaporation","hash":"7wpc7thrx5u2p5xwbn4xndocl4elc2wd","parameters":{"deptypes":["build","run"],"virtuals":[]}},{"name":"g4pii","hash":"lfixnkuxkdeig6yuw7xbovyztozjhcee","parameters":{"deptypes":["build","run"],"virtuals":[]}},{"name":"g4radioactivedecay","hash":"sbou57rcnc3fle7wp746wopmtgg2kuqd","parameters":{"deptypes":["build","run"],"virtuals":[]}},{"name":"g4realsurface","hash":"ixl3yvrjodlsvzcck7kwecyyk4n2qrbd","parameters":{"deptypes":["build","run"],"virtuals":[]}},{"name":"g4saiddata","hash":"3tkqs6zatsx2pdsvwjh6tilgskhde5le","parameters":{"deptypes":["build","run"],"virtuals":[]}},{"name":"g4tendl","hash":"4nllzwceponol4l7bq2zscylutgiomw5","parameters":{"deptypes":["build","run"],"virtuals":[]}},{"name":"g4urrpt","hash":"njkyyzteaxtoz7fdfzzsz234zz6svhm3","parameters":{"deptypes":["build","run"],"virtuals":[]}}],"annotations":{"original_specfile_version":6},"hash":"vbbdfkzmeyanosyod22lidk4lt6dgcwl"},"u6gasqtgrd4q7zhq7a42fceumsjyl5ka":{"name":"g4abla","version":"3.3","arch":{"platform":"darwin","platform_os":"goldengate","target":{"name":"m4","vendor":"Apple","features":["aes","asimd","asimddp","asimdfhm","asimdhp","asimdrdm","atomics","bf16","bti","cpuid","crc32","dcpodp","dcpop","dit","ecv","evtstrm","fcma","flagm","flagm2","fp","fphp","frint","i8mm","ilrcpc","jscvt","lrcpc","paca","pacg","pmull","sb","sha1","sha2","sha3","sha512","sme","sme2","ssbs","uscat"],"generation":0,"parents":["m3","armv8.6a"],"cpupart":"Unknown"}},"namespace":"builtin","parameters":{"build_system":"generic","cflags":[],"cppflags":[],"cxxflags":[],"fflags":[],"ldflags":[],"ldlibs":[]},"package_hash":"jsgd2dhglys6mlodcwuyocbgglrnqohdmlfkjah3deui3ymsycwa====","annotations":{"original_specfile_version":6},"hash":"u6gasqtgrd4q7zhq7a42fceumsjyl5ka"},"g7xuq2gzntck2ucb2je3dzlilxeqkre2":{"name":"g4channeling","version":"1.0","arch":{"platform":"darwin","platform_os":"goldengate","target":{"name":"m4","vendor":"Apple","features":["aes","asimd","asimddp","asimdfhm","asimdhp","asimdrdm","atomics","bf16","bti","cpuid","crc32","dcpodp","dcpop","dit","ecv","evtstrm","fcma","flagm","flagm2","fp","fphp","frint","i8mm","ilrcpc","jscvt","lrcpc","paca","pacg","pmull","sb","sha1","sha2","sha3","sha512","sme","sme2","ssbs","uscat"],"generation":0,"parents":["m3","armv8.6a"],"cpupart":"Unknown"}},"namespace":"builtin","parameters":{"build_system":"generic","cflags":[],"cppflags":[],"cxxflags":[],"fflags":[],"ldflags":[],"ldlibs":[]},"package_hash":"l2brxnjyl4ulshvn3pmh6aah6xv24soo7xxen2xquzpgckonxbeq====","annotations":{"original_specfile_version":6},"hash":"g7xuq2gzntck2ucb2je3dzlilxeqkre2"},"spsneck6lt6eyknoaf726yrm2lralztp":{"name":"g4emlow","version":"8.6.1","arch":{"platform":"darwin","platform_os":"goldengate","target":{"name":"m4","vendor":"Apple","features":["aes","asimd","asimddp","asimdfhm","asimdhp","asimdrdm","atomics","bf16","bti","cpuid","crc32","dcpodp","dcpop","dit","ecv","evtstrm","fcma","flagm","flagm2","fp","fphp","frint","i8mm","ilrcpc","jscvt","lrcpc","paca","pacg","pmull","sb","sha1","sha2","sha3","sha512","sme","sme2","ssbs","uscat"],"generation":0,"parents":["m3","armv8.6a"],"cpupart":"Unknown"}},"namespace":"builtin","parameters":{"build_system":"generic","cflags":[],"cppflags":[],"cxxflags":[],"fflags":[],"ldflags":[],"ldlibs":[]},"package_hash":"ljx4w2cfhfe46woe7r56qqrpbwhdrcudb2fbe4pl7exi6aa75u3a====","annotations":{"original_specfile_version":6},"hash":"spsneck6lt6eyknoaf726yrm2lralztp"},"zwju35m5me66sboddm25c4v6wkopbewq":{"name":"g4ensdfstate","version":"3.0","arch":{"platform":"darwin","platform_os":"goldengate","target":{"name":"m4","vendor":"Apple","features":["aes","asimd","asimddp","asimdfhm","asimdhp","asimdrdm","atomics","bf16","bti","cpuid","crc32","dcpodp","dcpop","dit","ecv","evtstrm","fcma","flagm","flagm2","fp","fphp","frint","i8mm","ilrcpc","jscvt","lrcpc","paca","pacg","pmull","sb","sha1","sha2","sha3","sha512","sme","sme2","ssbs","uscat"],"generation":0,"parents":["m3","armv8.6a"],"cpupart":"Unknown"}},"namespace":"builtin","parameters":{"build_system":"generic","cflags":[],"cppflags":[],"cxxflags":[],"fflags":[],"ldflags":[],"ldlibs":[]},"package_hash":"dnamkhshf6tut7jcijf7gv6vc22zxycafw7g57ehqf55qmfxcvjq====","annotations":{"original_specfile_version":6},"hash":"zwju35m5me66sboddm25c4v6wkopbewq"},"c7dyo4fytcdkcxmdc2bebuo5dniqfdm5":{"name":"g4incl","version":"1.2","arch":{"platform":"darwin","platform_os":"goldengate","target":{"name":"m4","vendor":"Apple","features":["aes","asimd","asimddp","asimdfhm","asimdhp","asimdrdm","atomics","bf16","bti","cpuid","crc32","dcpodp","dcpop","dit","ecv","evtstrm","fcma","flagm","flagm2","fp","fphp","frint","i8mm","ilrcpc","jscvt","lrcpc","paca","pacg","pmull","sb","sha1","sha2","sha3","sha512","sme","sme2","ssbs","uscat"],"generation":0,"parents":["m3","armv8.6a"],"cpupart":"Unknown"}},"namespace":"builtin","parameters":{"build_system":"generic","cflags":[],"cppflags":[],"cxxflags":[],"fflags":[],"ldflags":[],"ldlibs":[]},"package_hash":"xiz3gl7k6yjencletnct5tag44piwu2rdup6jqgm7njrjvpuzkkq====","annotations":{"original_specfile_version":6},"hash":"c7dyo4fytcdkcxmdc2bebuo5dniqfdm5"},"cjr7xvmced4awk3hdcaq5wgtb6eygcfc":{"name":"g4ndl","version":"4.7.1","arch":{"platform":"darwin","platform_os":"goldengate","target":{"name":"m4","vendor":"Apple","features":["aes","asimd","asimddp","asimdfhm","asimdhp","asimdrdm","atomics","bf16","bti","cpuid","crc32","dcpodp","dcpop","dit","ecv","evtstrm","fcma","flagm","flagm2","fp","fphp","frint","i8mm","ilrcpc","jscvt","lrcpc","paca","pacg","pmull","sb","sha1","sha2","sha3","sha512","sme","sme2","ssbs","uscat"],"generation":0,"parents":["m3","armv8.6a"],"cpupart":"Unknown"}},"namespace":"builtin","parameters":{"build_system":"generic","cflags":[],"cppflags":[],"cxxflags":[],"fflags":[],"ldflags":[],"ldlibs":[]},"package_hash":"hc44vqumbtznrzux6asm5wy7cponfifdgza5qicphih45tfsvxbq====","annotations":{"original_specfile_version":6},"hash":"cjr7xvmced4awk3hdcaq5wgtb6eygcfc"},"6q5aksnwy4ravdruf4isz5nd3xiek363":{"name":"g4nudexlib","version":"1.0","arch":{"platform":"darwin","platform_os":"goldengate","target":{"name":"m4","vendor":"Apple","features":["aes","asimd","asimddp","asimdfhm","asimdhp","asimdrdm","atomics","bf16","bti","cpuid","crc32","dcpodp","dcpop","dit","ecv","evtstrm","fcma","flagm","flagm2","fp","fphp","frint","i8mm","ilrcpc","jscvt","lrcpc","paca","pacg","pmull","sb","sha1","sha2","sha3","sha512","sme","sme2","ssbs","uscat"],"generation":0,"parents":["m3","armv8.6a"],"cpupart":"Unknown"}},"namespace":"builtin","parameters":{"build_system":"generic","cflags":[],"cppflags":[],"cxxflags":[],"fflags":[],"ldflags":[],"ldlibs":[]},"package_hash":"lqtvft45n47jka5fcmqnsp6u4gadcviiugn5qftkozod4z4m24da====","annotations":{"original_specfile_version":6},"hash":"6q5aksnwy4ravdruf4isz5nd3xiek363"},"sos7ounjjrewlhfzqtbvo237ypsupjmn":{"name":"g4particlexs","version":"4.1","arch":{"platform":"darwin","platform_os":"goldengate","target":{"name":"m4","vendor":"Apple","features":["aes","asimd","asimddp","asimdfhm","asimdhp","asimdrdm","atomics","bf16","bti","cpuid","crc32","dcpodp","dcpop","dit","ecv","evtstrm","fcma","flagm","flagm2","fp","fphp","frint","i8mm","ilrcpc","jscvt","lrcpc","paca","pacg","pmull","sb","sha1","sha2","sha3","sha512","sme","sme2","ssbs","uscat"],"generation":0,"parents":["m3","armv8.6a"],"cpupart":"Unknown"}},"namespace":"builtin","parameters":{"build_system":"generic","cflags":[],"cppflags":[],"cxxflags":[],"fflags":[],"ldflags":[],"ldlibs":[]},"package_hash":"bcr2x5nsmstf3gkq7thglseydhnnqz5o77dhcvsgcfhdildlousa====","annotations":{"original_specfile_version":6},"hash":"sos7ounjjrewlhfzqtbvo237ypsupjmn"},"7wpc7thrx5u2p5xwbn4xndocl4elc2wd":{"name":"g4photonevaporation","version":"6.1","arch":{"platform":"darwin","platform_os":"goldengate","target":{"name":"m4","vendor":"Apple","features":["aes","asimd","asimddp","asimdfhm","asimdhp","asimdrdm","atomics","bf16","bti","cpuid","crc32","dcpodp","dcpop","dit","ecv","evtstrm","fcma","flagm","flagm2","fp","fphp","frint","i8mm","ilrcpc","jscvt","lrcpc","paca","pacg","pmull","sb","sha1","sha2","sha3","sha512","sme","sme2","ssbs","uscat"],"generation":0,"parents":["m3","armv8.6a"],"cpupart":"Unknown"}},"namespace":"builtin","parameters":{"build_system":"generic","cflags":[],"cppflags":[],"cxxflags":[],"fflags":[],"ldflags":[],"ldlibs":[]},"package_hash":"2vga2bmy6n2hs57snhcr5dgdoc7zxtnenzn4zgc45t5xm2acexrq====","annotations":{"original_specfile_version":6},"hash":"7wpc7thrx5u2p5xwbn4xndocl4elc2wd"},"lfixnkuxkdeig6yuw7xbovyztozjhcee":{"name":"g4pii","version":"1.3","arch":{"platform":"darwin","platform_os":"goldengate","target":{"name":"m4","vendor":"Apple","features":["aes","asimd","asimddp","asimdfhm","asimdhp","asimdrdm","atomics","bf16","bti","cpuid","crc32","dcpodp","dcpop","dit","ecv","evtstrm","fcma","flagm","flagm2","fp","fphp","frint","i8mm","ilrcpc","jscvt","lrcpc","paca","pacg","pmull","sb","sha1","sha2","sha3","sha512","sme","sme2","ssbs","uscat"],"generation":0,"parents":["m3","armv8.6a"],"cpupart":"Unknown"}},"namespace":"builtin","parameters":{"build_system":"generic","cflags":[],"cppflags":[],"cxxflags":[],"fflags":[],"ldflags":[],"ldlibs":[]},"package_hash":"f76ehs5td64sroiqqeowkrux54ioshyatekid6mvmllqsfyjuljq====","annotations":{"original_specfile_version":6},"hash":"lfixnkuxkdeig6yuw7xbovyztozjhcee"},"sbou57rcnc3fle7wp746wopmtgg2kuqd":{"name":"g4radioactivedecay","version":"6.1.2","arch":{"platform":"darwin","platform_os":"goldengate","target":{"name":"m4","vendor":"Apple","features":["aes","asimd","asimddp","asimdfhm","asimdhp","asimdrdm","atomics","bf16","bti","cpuid","crc32","dcpodp","dcpop","dit","ecv","evtstrm","fcma","flagm","flagm2","fp","fphp","frint","i8mm","ilrcpc","jscvt","lrcpc","paca","pacg","pmull","sb","sha1","sha2","sha3","sha512","sme","sme2","ssbs","uscat"],"generation":0,"parents":["m3","armv8.6a"],"cpupart":"Unknown"}},"namespace":"builtin","parameters":{"build_system":"generic","cflags":[],"cppflags":[],"cxxflags":[],"fflags":[],"ldflags":[],"ldlibs":[]},"package_hash":"ed5s3jd5myeqgp6o5mdh6dfb66xaf2wogkclayoiuwhtvvjgubuq====","annotations":{"original_specfile_version":6},"hash":"sbou57rcnc3fle7wp746wopmtgg2kuqd"},"ixl3yvrjodlsvzcck7kwecyyk4n2qrbd":{"name":"g4realsurface","version":"2.2","arch":{"platform":"darwin","platform_os":"goldengate","target":{"name":"m4","vendor":"Apple","features":["aes","asimd","asimddp","asimdfhm","asimdhp","asimdrdm","atomics","bf16","bti","cpuid","crc32","dcpodp","dcpop","dit","ecv","evtstrm","fcma","flagm","flagm2","fp","fphp","frint","i8mm","ilrcpc","jscvt","lrcpc","paca","pacg","pmull","sb","sha1","sha2","sha3","sha512","sme","sme2","ssbs","uscat"],"generation":0,"parents":["m3","armv8.6a"],"cpupart":"Unknown"}},"namespace":"builtin","parameters":{"build_system":"generic","cflags":[],"cppflags":[],"cxxflags":[],"fflags":[],"ldflags":[],"ldlibs":[]},"package_hash":"acqryvx42pcj44keufvw7wr4glr3t4dy2ck3zon6l347t6arkcna====","annotations":{"original_specfile_version":6},"hash":"ixl3yvrjodlsvzcck7kwecyyk4n2qrbd"},"3tkqs6zatsx2pdsvwjh6tilgskhde5le":{"name":"g4saiddata","version":"2.0","arch":{"platform":"darwin","platform_os":"goldengate","target":{"name":"m4","vendor":"Apple","features":["aes","asimd","asimddp","asimdfhm","asimdhp","asimdrdm","atomics","bf16","bti","cpuid","crc32","dcpodp","dcpop","dit","ecv","evtstrm","fcma","flagm","flagm2","fp","fphp","frint","i8mm","ilrcpc","jscvt","lrcpc","paca","pacg","pmull","sb","sha1","sha2","sha3","sha512","sme","sme2","ssbs","uscat"],"generation":0,"parents":["m3","armv8.6a"],"cpupart":"Unknown"}},"namespace":"builtin","parameters":{"build_system":"generic","cflags":[],"cppflags":[],"cxxflags":[],"fflags":[],"ldflags":[],"ldlibs":[]},"package_hash":"zpdplqidg6f43bl7l3c23hmblh4wzc75tmb7aqbolucudli76qyq====","annotations":{"original_specfile_version":6},"hash":"3tkqs6zatsx2pdsvwjh6tilgskhde5le"},"4nllzwceponol4l7bq2zscylutgiomw5":{"name":"g4tendl","version":"1.4","arch":{"platform":"darwin","platform_os":"goldengate","target":{"name":"m4","vendor":"Apple","features":["aes","asimd","asimddp","asimdfhm","asimdhp","asimdrdm","atomics","bf16","bti","cpuid","crc32","dcpodp","dcpop","dit","ecv","evtstrm","fcma","flagm","flagm2","fp","fphp","frint","i8mm","ilrcpc","jscvt","lrcpc","paca","pacg","pmull","sb","sha1","sha2","sha3","sha512","sme","sme2","ssbs","uscat"],"generation":0,"parents":["m3","armv8.6a"],"cpupart":"Unknown"}},"namespace":"builtin","parameters":{"build_system":"generic","cflags":[],"cppflags":[],"cxxflags":[],"fflags":[],"ldflags":[],"ldlibs":[]},"package_hash":"7rz7sfogk6x6twlt2qedwdwo63vsqujzmqgp6pxmq5sydip7gvwq====","annotations":{"original_specfile_version":6},"hash":"4nllzwceponol4l7bq2zscylutgiomw5"},"njkyyzteaxtoz7fdfzzsz234zz6svhm3":{"name":"g4urrpt","version":"1.1","arch":{"platform":"darwin","platform_os":"goldengate","target":{"name":"m4","vendor":"Apple","features":["aes","asimd","asimddp","asimdfhm","asimdhp","asimdrdm","atomics","bf16","bti","cpuid","crc32","dcpodp","dcpop","dit","ecv","evtstrm","fcma","flagm","flagm2","fp","fphp","frint","i8mm","ilrcpc","jscvt","lrcpc","paca","pacg","pmull","sb","sha1","sha2","sha3","sha512","sme","sme2","ssbs","uscat"],"generation":0,"parents":["m3","armv8.6a"],"cpupart":"Unknown"}},"namespace":"builtin","parameters":{"build_system":"generic","cflags":[],"cppflags":[],"cxxflags":[],"fflags":[],"ldflags":[],"ldlibs":[]},"package_hash":"hwdik4gbe7hwcbcq5cueq62bwd3pcp4vjlcxbdu7ctv44rcwejiq====","annotations":{"original_specfile_version":6},"hash":"njkyyzteaxtoz7fdfzzsz234zz6svhm3"},"4nbab6lkpgam5hwwai3z7wmw7aq5gg6d":{"name":"ninja","version":"1.13.2","arch":{"platform":"darwin","platform_os":"goldengate","target":"aarch64"},"namespace":"builtin","parameters":{"build_system":"generic","re2c":true,"cflags":[],"cppflags":[],"cxxflags":[],"fflags":[],"ldflags":[],"ldlibs":[]},"external":{"path":"/opt/homebrew/opt/ninja","module":null,"extra_attributes":{}},"package_hash":"uuvqgx4th7p23zkj3upav45jkieybnujaxafz6gfydixqhnfdmaq====","annotations":{"original_specfile_version":6},"hash":"4nbab6lkpgam5hwwai3z7wmw7aq5gg6d"},"mrpksu6nhgq3bamsnplqkvui74zbm6c4":{"name":"xerces-c","version":"3.3.0","arch":{"platform":"darwin","platform_os":"goldengate","target":{"name":"m4","vendor":"Apple","features":["aes","asimd","asimddp","asimdfhm","asimdhp","asimdrdm","atomics","bf16","bti","cpuid","crc32","dcpodp","dcpop","dit","ecv","evtstrm","fcma","flagm","flagm2","fp","fphp","frint","i8mm","ilrcpc","jscvt","lrcpc","paca","pacg","pmull","sb","sha1","sha2","sha3","sha512","sme","sme2","ssbs","uscat"],"generation":0,"parents":["m3","armv8.6a"],"cpupart":"Unknown"}},"namespace":"builtin","parameters":{"build_system":"autotools","cxxstd":"20","netaccessor":"curl","transcoder":"macos","cflags":[],"cppflags":[],"cxxflags":[],"fflags":[],"ldflags":[],"ldlibs":[]},"package_hash":"g66egal34dbfbmawdlra3h2rmifuvey7bjh2tdgsiurdbhn6igzq====","dependencies":[{"name":"apple-clang","hash":"lr3pfwcog3nxp4vgqbq3pyeacum2goar","parameters":{"deptypes":["build"],"virtuals":["c","cxx"]}},{"name":"compiler-wrapper","hash":"ltpdulqstlkls4aaouph5mrxhzd242ox","parameters":{"deptypes":["build"],"virtuals":[]}},{"name":"curl","hash":"klh2tusux73bbaqvjqzhdg66o5ofhmwv","parameters":{"deptypes":["build","link"],"virtuals":[]}},{"name":"gmake","hash":"ryduvodrzyocvnaalpy5o2gtctx5ytd3","parameters":{"deptypes":["build"],"virtuals":[]}},{"name":"gnuconfig","hash":"4zbw45kbhfrlxdd54svmmcgycqjsstti","parameters":{"deptypes":["build"],"virtuals":[]}}],"annotations":{"original_specfile_version":6},"hash":"mrpksu6nhgq3bamsnplqkvui74zbm6c4"},"klh2tusux73bbaqvjqzhdg66o5ofhmwv":{"name":"curl","version":"8.22.0","arch":{"platform":"darwin","platform_os":"goldengate","target":{"name":"m4","vendor":"Apple","features":["aes","asimd","asimddp","asimdfhm","asimdhp","asimdrdm","atomics","bf16","bti","cpuid","crc32","dcpodp","dcpop","dit","ecv","evtstrm","fcma","flagm","flagm2","fp","fphp","frint","i8mm","ilrcpc","jscvt","lrcpc","paca","pacg","pmull","sb","sha1","sha2","sha3","sha512","sme","sme2","ssbs","uscat"],"generation":0,"parents":["m3","armv8.6a"],"cpupart":"Unknown"}},"namespace":"builtin","parameters":{"build_system":"autotools","gssapi":false,"ldap":false,"libidn2":false,"librtmp":false,"libs":["shared","static"],"libssh":false,"libssh2":false,"nghttp2":true,"tls":["openssl"],"cflags":[],"cppflags":[],"cxxflags":[],"fflags":[],"ldflags":[],"ldlibs":[]},"package_hash":"fxetehx7i6im4zoxq7qsbmlohvx2zyvallk5cctr7gmkxh6xffsq====","dependencies":[{"name":"apple-clang","hash":"lr3pfwcog3nxp4vgqbq3pyeacum2goar","parameters":{"deptypes":["build"],"virtuals":["c","cxx"]}},{"name":"compiler-wrapper","hash":"ltpdulqstlkls4aaouph5mrxhzd242ox","parameters":{"deptypes":["build"],"virtuals":[]}},{"name":"gmake","hash":"ryduvodrzyocvnaalpy5o2gtctx5ytd3","parameters":{"deptypes":["build"],"virtuals":[]}},{"name":"gnuconfig","hash":"4zbw45kbhfrlxdd54svmmcgycqjsstti","parameters":{"deptypes":["build"],"virtuals":[]}},{"name":"nghttp2","hash":"mbw4jffkjsy2lc6eepx3nru5lzhyf3dn","parameters":{"deptypes":["build","link"],"virtuals":[]}},{"name":"openssl","hash":"nzx7wmmswlp3ml7lmvxhf5geyc6k2cc5","parameters":{"deptypes":["build","link"],"virtuals":[]}},{"name":"pkgconf","hash":"gluwebgzw3pn257frcx2yih6r5atuyxk","parameters":{"deptypes":["build"],"virtuals":["pkgconfig"]}},{"name":"zlib-ng","hash":"jvko7f52kvbti6rml76vb25c35dnq2ze","parameters":{"deptypes":["build","link"],"virtuals":["zlib-api"]}}],"annotations":{"original_specfile_version":6},"hash":"klh2tusux73bbaqvjqzhdg66o5ofhmwv"},"mbw4jffkjsy2lc6eepx3nru5lzhyf3dn":{"name":"nghttp2","version":"1.67.1","arch":{"platform":"darwin","platform_os":"goldengate","target":{"name":"m4","vendor":"Apple","features":["aes","asimd","asimddp","asimdfhm","asimdhp","asimdrdm","atomics","bf16","bti","cpuid","crc32","dcpodp","dcpop","dit","ecv","evtstrm","fcma","flagm","flagm2","fp","fphp","frint","i8mm","ilrcpc","jscvt","lrcpc","paca","pacg","pmull","sb","sha1","sha2","sha3","sha512","sme","sme2","ssbs","uscat"],"generation":0,"parents":["m3","armv8.6a"],"cpupart":"Unknown"}},"namespace":"builtin","parameters":{"build_system":"autotools","cflags":[],"cppflags":[],"cxxflags":[],"fflags":[],"ldflags":[],"ldlibs":[]},"package_hash":"s57echxnxs2pa26gyxrozc3jj6d65y3beqpwam4gbco4t5gx6vka====","dependencies":[{"name":"apple-clang","hash":"lr3pfwcog3nxp4vgqbq3pyeacum2goar","parameters":{"deptypes":["build"],"virtuals":["c","cxx"]}},{"name":"compiler-wrapper","hash":"ltpdulqstlkls4aaouph5mrxhzd242ox","parameters":{"deptypes":["build"],"virtuals":[]}},{"name":"diffutils","hash":"sbpq3ucrxgadrvcxm46tpfr37wxwprss","parameters":{"deptypes":["build"],"virtuals":[]}},{"name":"gmake","hash":"ryduvodrzyocvnaalpy5o2gtctx5ytd3","parameters":{"deptypes":["build"],"virtuals":[]}},{"name":"gnuconfig","hash":"4zbw45kbhfrlxdd54svmmcgycqjsstti","parameters":{"deptypes":["build"],"virtuals":[]}},{"name":"pkgconf","hash":"gluwebgzw3pn257frcx2yih6r5atuyxk","parameters":{"deptypes":["build"],"virtuals":["pkgconfig"]}}],"annotations":{"original_specfile_version":6},"hash":"mbw4jffkjsy2lc6eepx3nru5lzhyf3dn"},"sbpq3ucrxgadrvcxm46tpfr37wxwprss":{"name":"diffutils","version":"3.12","arch":{"platform":"darwin","platform_os":"goldengate","target":{"name":"m4","vendor":"Apple","features":["aes","asimd","asimddp","asimdfhm","asimdhp","asimdrdm","atomics","bf16","bti","cpuid","crc32","dcpodp","dcpop","dit","ecv","evtstrm","fcma","flagm","flagm2","fp","fphp","frint","i8mm","ilrcpc","jscvt","lrcpc","paca","pacg","pmull","sb","sha1","sha2","sha3","sha512","sme","sme2","ssbs","uscat"],"generation":0,"parents":["m3","armv8.6a"],"cpupart":"Unknown"}},"namespace":"builtin","parameters":{"build_system":"autotools","cflags":[],"cppflags":[],"cxxflags":[],"fflags":[],"ldflags":[],"ldlibs":[]},"package_hash":"gwdibkyu5ed7w73ge5rpiboowwfww4lk6wa7epmipesccj7jo6ia====","dependencies":[{"name":"apple-clang","hash":"lr3pfwcog3nxp4vgqbq3pyeacum2goar","parameters":{"deptypes":["build"],"virtuals":["c"]}},{"name":"compiler-wrapper","hash":"ltpdulqstlkls4aaouph5mrxhzd242ox","parameters":{"deptypes":["build"],"virtuals":[]}},{"name":"gmake","hash":"ryduvodrzyocvnaalpy5o2gtctx5ytd3","parameters":{"deptypes":["build"],"virtuals":[]}},{"name":"gnuconfig","hash":"4zbw45kbhfrlxdd54svmmcgycqjsstti","parameters":{"deptypes":["build"],"virtuals":[]}},{"name":"libiconv","hash":"k75kgxhrmj5ljlehlaelwfj7cqjimle2","parameters":{"deptypes":["build","link"],"virtuals":["iconv"]}}],"annotations":{"original_specfile_version":6},"hash":"sbpq3ucrxgadrvcxm46tpfr37wxwprss"},"k75kgxhrmj5ljlehlaelwfj7cqjimle2":{"name":"libiconv","version":"1.18","arch":{"platform":"darwin","platform_os":"goldengate","target":{"name":"m4","vendor":"Apple","features":["aes","asimd","asimddp","asimdfhm","asimdhp","asimdrdm","atomics","bf16","bti","cpuid","crc32","dcpodp","dcpop","dit","ecv","evtstrm","fcma","flagm","flagm2","fp","fphp","frint","i8mm","ilrcpc","jscvt","lrcpc","paca","pacg","pmull","sb","sha1","sha2","sha3","sha512","sme","sme2","ssbs","uscat"],"generation":0,"parents":["m3","armv8.6a"],"cpupart":"Unknown"}},"namespace":"builtin","parameters":{"build_system":"autotools","libs":["shared","static"],"cflags":[],"cppflags":[],"cxxflags":[],"fflags":[],"ldflags":[],"ldlibs":[]},"package_hash":"2ebeqfqbzesjd4r5fduvoj2jekagwfqbmfsvzqrdmhoao5e6yoia====","provided_virtuals":["iconv"],"dependencies":[{"name":"apple-clang","hash":"lr3pfwcog3nxp4vgqbq3pyeacum2goar","parameters":{"deptypes":["build"],"virtuals":["c"]}},{"name":"compiler-wrapper","hash":"ltpdulqstlkls4aaouph5mrxhzd242ox","parameters":{"deptypes":["build"],"virtuals":[]}},{"name":"gmake","hash":"ryduvodrzyocvnaalpy5o2gtctx5ytd3","parameters":{"deptypes":["build"],"virtuals":[]}},{"name":"gnuconfig","hash":"4zbw45kbhfrlxdd54svmmcgycqjsstti","parameters":{"deptypes":["build"],"virtuals":[]}}],"annotations":{"original_specfile_version":6},"hash":"k75kgxhrmj5ljlehlaelwfj7cqjimle2"},"gluwebgzw3pn257frcx2yih6r5atuyxk":{"name":"pkgconf","version":"2.5.1","arch":{"platform":"darwin","platform_os":"goldengate","target":{"name":"m4","vendor":"Apple","features":["aes","asimd","asimddp","asimdfhm","asimdhp","asimdrdm","atomics","bf16","bti","cpuid","crc32","dcpodp","dcpop","dit","ecv","evtstrm","fcma","flagm","flagm2","fp","fphp","frint","i8mm","ilrcpc","jscvt","lrcpc","paca","pacg","pmull","sb","sha1","sha2","sha3","sha512","sme","sme2","ssbs","uscat"],"generation":0,"parents":["m3","armv8.6a"],"cpupart":"Unknown"}},"namespace":"builtin","parameters":{"build_system":"autotools","cflags":[],"cppflags":[],"cxxflags":[],"fflags":[],"ldflags":[],"ldlibs":[]},"package_hash":"o6vd55gzw74grnmg4yrt3smyrtsshssqjvxsqbchcjimkv2nkysa====","provided_virtuals":["pkgconfig"],"dependencies":[{"name":"apple-clang","hash":"lr3pfwcog3nxp4vgqbq3pyeacum2goar","parameters":{"deptypes":["build"],"virtuals":["c"]}},{"name":"compiler-wrapper","hash":"ltpdulqstlkls4aaouph5mrxhzd242ox","parameters":{"deptypes":["build"],"virtuals":[]}},{"name":"gmake","hash":"ryduvodrzyocvnaalpy5o2gtctx5ytd3","parameters":{"deptypes":["build"],"virtuals":[]}},{"name":"gnuconfig","hash":"4zbw45kbhfrlxdd54svmmcgycqjsstti","parameters":{"deptypes":["build"],"virtuals":[]}}],"annotations":{"original_specfile_version":6},"hash":"gluwebgzw3pn257frcx2yih6r5atuyxk"},"nzx7wmmswlp3ml7lmvxhf5geyc6k2cc5":{"name":"openssl","version":"3.6.5","arch":{"platform":"darwin","platform_os":"goldengate","target":"aarch64"},"namespace":"builtin","parameters":{"build_system":"generic","certs":"mozilla","docs":false,"shared":true,"cflags":[],"cppflags":[],"cxxflags":[],"fflags":[],"ldflags":[],"ldlibs":[]},"external":{"path":"/opt/homebrew/opt/openssl@3.6","module":null,"extra_attributes":{}},"package_hash":"ihj74obka3s2e2upxo3ipexrqcf4an4b7apkpgghiegslbykkylq====","annotations":{"original_specfile_version":6},"hash":"nzx7wmmswlp3ml7lmvxhf5geyc6k2cc5"},"jvko7f52kvbti6rml76vb25c35dnq2ze":{"name":"zlib-ng","version":"2.3.3","arch":{"platform":"darwin","platform_os":"goldengate","target":{"name":"m4","vendor":"Apple","features":["aes","asimd","asimddp","asimdfhm","asimdhp","asimdrdm","atomics","bf16","bti","cpuid","crc32","dcpodp","dcpop","dit","ecv","evtstrm","fcma","flagm","flagm2","fp","fphp","frint","i8mm","ilrcpc","jscvt","lrcpc","paca","pacg","pmull","sb","sha1","sha2","sha3","sha512","sme","sme2","ssbs","uscat"],"generation":0,"parents":["m3","armv8.6a"],"cpupart":"Unknown"}},"namespace":"builtin","parameters":{"build_system":"autotools","compat":true,"new_strategies":true,"opt":true,"pic":true,"shared":true,"cflags":[],"cppflags":[],"cxxflags":[],"fflags":[],"ldflags":[],"ldlibs":[]},"package_hash":"bnbx7ezlmmjgjyubhncgeel7lpbjrj6l4aeuhyewdeyz56l7tqsq====","provided_virtuals":["zlib-api"],"dependencies":[{"name":"apple-clang","hash":"lr3pfwcog3nxp4vgqbq3pyeacum2goar","parameters":{"deptypes":["build"],"virtuals":["c","cxx"]}},{"name":"compiler-wrapper","hash":"ltpdulqstlkls4aaouph5mrxhzd242ox","parameters":{"deptypes":["build"],"virtuals":[]}},{"name":"gmake","hash":"ryduvodrzyocvnaalpy5o2gtctx5ytd3","parameters":{"deptypes":["build"],"virtuals":[]}},{"name":"gnuconfig","hash":"4zbw45kbhfrlxdd54svmmcgycqjsstti","parameters":{"deptypes":["build"],"virtuals":[]}}],"annotations":{"original_specfile_version":6},"hash":"jvko7f52kvbti6rml76vb25c35dnq2ze"},"5dag6ndl7u4cts25yqczdbjl533nm6qi":{"name":"vecgeom","version":"2.2.0","arch":{"platform":"darwin","platform_os":"goldengate","target":{"name":"m4","vendor":"Apple","features":["aes","asimd","asimddp","asimdfhm","asimdhp","asimdrdm","atomics","bf16","bti","cpuid","crc32","dcpodp","dcpop","dit","ecv","evtstrm","fcma","flagm","flagm2","fp","fphp","frint","i8mm","ilrcpc","jscvt","lrcpc","paca","pacg","pmull","sb","sha1","sha2","sha3","sha512","sme","sme2","ssbs","uscat"],"generation":0,"parents":["m3","armv8.6a"],"cpupart":"Unknown"}},"namespace":"builtin","parameters":{"build_system":"cmake","build_type":"Release","cuda":false,"cxxstd":"20","gdml":true,"generator":"ninja","ipo":false,"nav":"index","shared":true,"surface":false,"cflags":[],"cppflags":[],"cxxflags":[],"fflags":[],"ldflags":[],"ldlibs":[]},"package_hash":"rectoetze22rsnkduqxodikwn6kbdamui5rt73m72avhnxkxvlca====","dependencies":[{"name":"apple-clang","hash":"lr3pfwcog3nxp4vgqbq3pyeacum2goar","parameters":{"deptypes":["build"],"virtuals":["c","cxx"]}},{"name":"cmake","hash":"g53jh3gxjj5exozrofumcxezjncpegwr","parameters":{"deptypes":["build"],"virtuals":[]}},{"name":"compiler-wrapper","hash":"ltpdulqstlkls4aaouph5mrxhzd242ox","parameters":{"deptypes":["build"],"virtuals":[]}},{"name":"ninja","hash":"4nbab6lkpgam5hwwai3z7wmw7aq5gg6d","parameters":{"deptypes":["build"],"virtuals":[]}},{"name":"veccore","hash":"bykdnuphcgah4oqe73tlvxgq5x4c3ow4","parameters":{"deptypes":["build","link"],"virtuals":[]}},{"name":"xerces-c","hash":"mrpksu6nhgq3bamsnplqkvui74zbm6c4","parameters":{"deptypes":["build","link"],"virtuals":[]}}],"annotations":{"original_specfile_version":6},"hash":"5dag6ndl7u4cts25yqczdbjl533nm6qi"},"bykdnuphcgah4oqe73tlvxgq5x4c3ow4":{"name":"veccore","version":"0.8.2","arch":{"platform":"darwin","platform_os":"goldengate","target":{"name":"m4","vendor":"Apple","features":["aes","asimd","asimddp","asimdfhm","asimdhp","asimdrdm","atomics","bf16","bti","cpuid","crc32","dcpodp","dcpop","dit","ecv","evtstrm","fcma","flagm","flagm2","fp","fphp","frint","i8mm","ilrcpc","jscvt","lrcpc","paca","pacg","pmull","sb","sha1","sha2","sha3","sha512","sme","sme2","ssbs","uscat"],"generation":0,"parents":["m3","armv8.6a"],"cpupart":"Unknown"}},"namespace":"builtin","parameters":{"build_system":"cmake","build_type":"Release","generator":"make","ipo":false,"vc":false,"cflags":[],"cppflags":[],"cxxflags":[],"fflags":[],"ldflags":[],"ldlibs":[]},"package_hash":"tw7rb3r2a3wv5xn52bzjru5vaplqyvm7igb6imwitwpqy66jooua====","dependencies":[{"name":"apple-clang","hash":"lr3pfwcog3nxp4vgqbq3pyeacum2goar","parameters":{"deptypes":["build"],"virtuals":["c","cxx"]}},{"name":"cmake","hash":"g53jh3gxjj5exozrofumcxezjncpegwr","parameters":{"deptypes":["build"],"virtuals":[]}},{"name":"compiler-wrapper","hash":"ltpdulqstlkls4aaouph5mrxhzd242ox","parameters":{"deptypes":["build"],"virtuals":[]}},{"name":"gmake","hash":"ryduvodrzyocvnaalpy5o2gtctx5ytd3","parameters":{"deptypes":["build"],"virtuals":[]}}],"annotations":{"original_specfile_version":6},"hash":"bykdnuphcgah4oqe73tlvxgq5x4c3ow4"}}}