{"_meta":{"file-type":"spack-lockfile","lockfile-version":6,"specfile-version":5},"spack":{"version":"1.3.0.dev0","type":"git","commit":"914b39021b2bed8ccd403b2f5837f65bff147498"},"roots":[{"hash":"mgerfibgn5vhmyjc7pkeufhygu7c4bdu","spec":"cmake"},{"hash":"vus55x3ejtkuaihyvk2pxyla2yn4dk3l","spec":"clhep"},{"hash":"3oj3xmh55a3re4uopo5ybdzwnmjk3hyp","spec":"curl"},{"hash":"zu3xiw33r7m3ol5a7q5e4bn6mlsgb67k","spec":"expat"},{"hash":"dy6lukvcsvglsitexolwis5ht7zzotgu","spec":"geant4-data@11.4"},{"hash":"ikwu6hdap7phjhks3rbz3d75efqtvc5b","spec":"git"},{"hash":"g5mu2ut7kvibdk65552roxfu2dhrfvbl","spec":"googletest"},{"hash":"23izb7itq7jlji5pppigbrncgksgpty5","spec":"ninja"},{"hash":"4kgktxotfxnn6luqvhidixm3uipesg3w","spec":"xerces-c"},{"hash":"veavdjlvc5ywmryvlwolp62nuytttyys","spec":"zlib-ng"}],"concrete_specs":{"mgerfibgn5vhmyjc7pkeufhygu7c4bdu":{"name":"cmake","version":"4.4.0","arch":{"platform":"darwin","platform_os":"tahoe","target":"aarch64"},"namespace":"builtin","parameters":{"build_system":"generic","build_type":"Release","doc":false,"ncurses":true,"ownlibs":true,"qtgui":false,"cflags":[],"cppflags":[],"cxxflags":[],"fflags":[],"ldflags":[],"ldlibs":[]},"external":{"path":"/opt/homebrew/opt/cmake","module":null,"extra_attributes":{}},"package_hash":"n3ldscne7xdusikzhqmo2m4vrlx5buemyoi6uyul7rh3rhygukla====","annotations":{"original_specfile_version":5},"hash":"mgerfibgn5vhmyjc7pkeufhygu7c4bdu"},"vus55x3ejtkuaihyvk2pxyla2yn4dk3l":{"name":"clhep","version":"2.4.7.2","arch":{"platform":"darwin","platform_os":"tahoe","target":{"name":"m4","vendor":"Apple","features":["aes","asimd","asimddp","asimdfhm","asimdhp","asimdrdm","atomics","bf16","bti","cpuid","crc32","dcpodp","dcpop","dit","ecv","evtstrm","fcma","flagm","flagm2","fp","fphp","frint","i8mm","ilrcpc","jscvt","lrcpc","paca","pacg","pmull","sb","sha1","sha2","sha3","sha512","sme","sme2","ssbs","uscat"],"generation":0,"parents":["m3","armv8.6a"],"cpupart":"Unknown"}},"namespace":"builtin","parameters":{"build_system":"cmake","build_type":"Release","cms":false,"cxxstd":"20","generator":"make","ipo":false,"cflags":[],"cppflags":[],"cxxflags":[],"fflags":[],"ldflags":[],"ldlibs":[]},"package_hash":"hlgmpjclsnr6xw3t2hxxc3hyo7rhdxaopmcjejwwex442a66dk2q====","dependencies":[{"name":"apple-clang","hash":"ti7wjieqs6tajzpk3dehf3u5jnuqk37b","parameters":{"deptypes":["build"],"virtuals":["c","cxx"]}},{"name":"cmake","hash":"mgerfibgn5vhmyjc7pkeufhygu7c4bdu","parameters":{"deptypes":["build"],"virtuals":[]}},{"name":"compiler-wrapper","hash":"iozthyfpsmrsnllz6qxdea76uxvgznxo","parameters":{"deptypes":["build"],"virtuals":[]}},{"name":"gmake","hash":"c7xmboa4kxkati7fywbxgdkbfcc6vi2u","parameters":{"deptypes":["build"],"virtuals":[]}}],"annotations":{"original_specfile_version":5},"hash":"vus55x3ejtkuaihyvk2pxyla2yn4dk3l"},"ti7wjieqs6tajzpk3dehf3u5jnuqk37b":{"name":"apple-clang","version":"21.0.0","arch":{"platform":"darwin","platform_os":"tahoe","target":"aarch64"},"namespace":"builtin","parameters":{"build_system":"bundle","cflags":[],"cppflags":[],"cxxflags":[],"fflags":[],"ldflags":[],"ldlibs":[]},"external":{"path":"/usr","module":null,"extra_attributes":{"compilers":{"c":"/usr/bin/clang","cxx":"/usr/bin/clang++"}}},"package_hash":"wi7ij62tcqvlrtl7ilc5f65hwxccv5jdxx67uxydxm2c5tzywr7a====","annotations":{"original_specfile_version":5},"hash":"ti7wjieqs6tajzpk3dehf3u5jnuqk37b"},"iozthyfpsmrsnllz6qxdea76uxvgznxo":{"name":"compiler-wrapper","version":"1.1.0","arch":{"platform":"darwin","platform_os":"tahoe","target":{"name":"m4","vendor":"Apple","features":["aes","asimd","asimddp","asimdfhm","asimdhp","asimdrdm","atomics","bf16","bti","cpuid","crc32","dcpodp","dcpop","dit","ecv","evtstrm","fcma","flagm","flagm2","fp","fphp","frint","i8mm","ilrcpc","jscvt","lrcpc","paca","pacg","pmull","sb","sha1","sha2","sha3","sha512","sme","sme2","ssbs","uscat"],"generation":0,"parents":["m3","armv8.6a"],"cpupart":"Unknown"}},"namespace":"builtin","parameters":{"build_system":"generic","cflags":[],"cppflags":[],"cxxflags":[],"fflags":[],"ldflags":[],"ldlibs":[]},"package_hash":"krswqw733edchvgy6sdrysilrhnacucktrtqngbnbtcymxtsnkaa====","annotations":{"original_specfile_version":5},"hash":"iozthyfpsmrsnllz6qxdea76uxvgznxo"},"c7xmboa4kxkati7fywbxgdkbfcc6vi2u":{"name":"gmake","version":"3.81","arch":{"platform":"darwin","platform_os":"tahoe","target":"aarch64"},"namespace":"builtin","parameters":{"build_system":"generic","guile":false,"cflags":[],"cppflags":[],"cxxflags":[],"fflags":[],"ldflags":[],"ldlibs":[]},"external":{"path":"/usr","module":null,"extra_attributes":{}},"package_hash":"idc3zmtsemph4qfuxqcm2jbebzv5lfvo3kh4a7uypbhb6tvd4qeq====","annotations":{"original_specfile_version":5},"hash":"c7xmboa4kxkati7fywbxgdkbfcc6vi2u"},"3oj3xmh55a3re4uopo5ybdzwnmjk3hyp":{"name":"curl","version":"8.7.1","arch":{"platform":"darwin","platform_os":"tahoe","target":"aarch64"},"namespace":"builtin","parameters":{"build_system":"autotools","gssapi":true,"ldap":true,"libidn2":false,"librtmp":false,"libs":["shared","static"],"libssh":false,"libssh2":false,"nghttp2":true,"tls":["openssl"],"cflags":[],"cppflags":[],"cxxflags":[],"fflags":[],"ldflags":[],"ldlibs":[]},"external":{"path":"/usr","module":null,"extra_attributes":{}},"package_hash":"x6wa4gwhb5lr6fij3sy7344fwhp7m7svrhljzsfjqps7i2dxrbtq====","annotations":{"original_specfile_version":5},"hash":"3oj3xmh55a3re4uopo5ybdzwnmjk3hyp"},"zu3xiw33r7m3ol5a7q5e4bn6mlsgb67k":{"name":"expat","version":"2.8.2","arch":{"platform":"darwin","platform_os":"tahoe","target":{"name":"m4","vendor":"Apple","features":["aes","asimd","asimddp","asimdfhm","asimdhp","asimdrdm","atomics","bf16","bti","cpuid","crc32","dcpodp","dcpop","dit","ecv","evtstrm","fcma","flagm","flagm2","fp","fphp","frint","i8mm","ilrcpc","jscvt","lrcpc","paca","pacg","pmull","sb","sha1","sha2","sha3","sha512","sme","sme2","ssbs","uscat"],"generation":0,"parents":["m3","armv8.6a"],"cpupart":"Unknown"}},"namespace":"builtin","parameters":{"build_system":"autotools","libbsd":false,"cflags":[],"cppflags":[],"cxxflags":[],"fflags":[],"ldflags":[],"ldlibs":[]},"package_hash":"jvmjt3tyu3ehw43v3vknup3zeex7c3wxtpr6avngb72bxmqea6jq====","dependencies":[{"name":"apple-clang","hash":"ti7wjieqs6tajzpk3dehf3u5jnuqk37b","parameters":{"deptypes":["build"],"virtuals":["c","cxx"]}},{"name":"compiler-wrapper","hash":"iozthyfpsmrsnllz6qxdea76uxvgznxo","parameters":{"deptypes":["build"],"virtuals":[]}},{"name":"gmake","hash":"c7xmboa4kxkati7fywbxgdkbfcc6vi2u","parameters":{"deptypes":["build"],"virtuals":[]}},{"name":"gnuconfig","hash":"4aqxyulwqygrdi43bmyjsycspih5us7x","parameters":{"deptypes":["build"],"virtuals":[]}}],"annotations":{"original_specfile_version":5},"hash":"zu3xiw33r7m3ol5a7q5e4bn6mlsgb67k"},"4aqxyulwqygrdi43bmyjsycspih5us7x":{"name":"gnuconfig","version":"2025-07-10","arch":{"platform":"darwin","platform_os":"tahoe","target":{"name":"m4","vendor":"Apple","features":["aes","asimd","asimddp","asimdfhm","asimdhp","asimdrdm","atomics","bf16","bti","cpuid","crc32","dcpodp","dcpop","dit","ecv","evtstrm","fcma","flagm","flagm2","fp","fphp","frint","i8mm","ilrcpc","jscvt","lrcpc","paca","pacg","pmull","sb","sha1","sha2","sha3","sha512","sme","sme2","ssbs","uscat"],"generation":0,"parents":["m3","armv8.6a"],"cpupart":"Unknown"}},"namespace":"builtin","parameters":{"build_system":"generic","cflags":[],"cppflags":[],"cxxflags":[],"fflags":[],"ldflags":[],"ldlibs":[]},"package_hash":"g6zjj36dyki3z5v5vnjiqp5knhvogsphfmr5ocjr7fqzcnrwe3la====","annotations":{"original_specfile_version":5},"hash":"4aqxyulwqygrdi43bmyjsycspih5us7x"},"dy6lukvcsvglsitexolwis5ht7zzotgu":{"name":"geant4-data","version":"11.4.0","arch":{"platform":"darwin","platform_os":"tahoe","target":{"name":"m4","vendor":"Apple","features":["aes","asimd","asimddp","asimdfhm","asimdhp","asimdrdm","atomics","bf16","bti","cpuid","crc32","dcpodp","dcpop","dit","ecv","evtstrm","fcma","flagm","flagm2","fp","fphp","frint","i8mm","ilrcpc","jscvt","lrcpc","paca","pacg","pmull","sb","sha1","sha2","sha3","sha512","sme","sme2","ssbs","uscat"],"generation":0,"parents":["m3","armv8.6a"],"cpupart":"Unknown"}},"namespace":"builtin","parameters":{"build_system":"bundle","nudexlib":true,"tendl":true,"urrpt":true,"cflags":[],"cppflags":[],"cxxflags":[],"fflags":[],"ldflags":[],"ldlibs":[]},"package_hash":"pdcwmkdihdjloe4id5i3ltj7nmhoqxvpqciv2r7znmhhl5vrjeua====","dependencies":[{"name":"g4abla","hash":"73up77qrrcqxwtlkzvzj77lwqb3vmbfc","parameters":{"deptypes":["build","run"],"virtuals":[]}},{"name":"g4channeling","hash":"p37efvyqycfqw26ua6u5yy2nwbmafpkm","parameters":{"deptypes":["build","run"],"virtuals":[]}},{"name":"g4emlow","hash":"qx2tik4lkzfs64qnnvaeyoeuo4prhnvd","parameters":{"deptypes":["build","run"],"virtuals":[]}},{"name":"g4ensdfstate","hash":"gp7uik6qs6qqgdwo7rc6r67vgqyrrfrz","parameters":{"deptypes":["build","run"],"virtuals":[]}},{"name":"g4incl","hash":"miwwezvo4w6ntpyfvyqulxoom7fu6drc","parameters":{"deptypes":["build","run"],"virtuals":[]}},{"name":"g4ndl","hash":"hplc5v2cdhhqhpzakvymxkqjhkznbksd","parameters":{"deptypes":["build","run"],"virtuals":[]}},{"name":"g4nudexlib","hash":"iapb4dy3gxqjhwutzfya6cgeafagtjiz","parameters":{"deptypes":["build","run"],"virtuals":[]}},{"name":"g4particlexs","hash":"jb63ppraeqjvfbmyncjl3sckicyecl7b","parameters":{"deptypes":["build","run"],"virtuals":[]}},{"name":"g4photonevaporation","hash":"btlooro27esd4gjqz72es5wtqvlpfwlm","parameters":{"deptypes":["build","run"],"virtuals":[]}},{"name":"g4pii","hash":"nxqismg3lafi26ub6fgaxq7whiu72kw6","parameters":{"deptypes":["build","run"],"virtuals":[]}},{"name":"g4radioactivedecay","hash":"xwkvizzgtogertt6dt4fusktzg2mypz7","parameters":{"deptypes":["build","run"],"virtuals":[]}},{"name":"g4realsurface","hash":"4prjs4j336pw24rj6rlzgq766m2jxppq","parameters":{"deptypes":["build","run"],"virtuals":[]}},{"name":"g4saiddata","hash":"ayc6b6gqhq5r3pbv7wgdibw4hsbfkaot","parameters":{"deptypes":["build","run"],"virtuals":[]}},{"name":"g4tendl","hash":"nsloe7or43tprszhzslzwxr4bmo36mqf","parameters":{"deptypes":["build","run"],"virtuals":[]}},{"name":"g4urrpt","hash":"4up57jt35evgngon2jygyqowjgmxqqln","parameters":{"deptypes":["build","run"],"virtuals":[]}}],"annotations":{"original_specfile_version":5},"hash":"dy6lukvcsvglsitexolwis5ht7zzotgu"},"73up77qrrcqxwtlkzvzj77lwqb3vmbfc":{"name":"g4abla","version":"3.3","arch":{"platform":"darwin","platform_os":"tahoe","target":{"name":"m4","vendor":"Apple","features":["aes","asimd","asimddp","asimdfhm","asimdhp","asimdrdm","atomics","bf16","bti","cpuid","crc32","dcpodp","dcpop","dit","ecv","evtstrm","fcma","flagm","flagm2","fp","fphp","frint","i8mm","ilrcpc","jscvt","lrcpc","paca","pacg","pmull","sb","sha1","sha2","sha3","sha512","sme","sme2","ssbs","uscat"],"generation":0,"parents":["m3","armv8.6a"],"cpupart":"Unknown"}},"namespace":"builtin","parameters":{"build_system":"generic","cflags":[],"cppflags":[],"cxxflags":[],"fflags":[],"ldflags":[],"ldlibs":[]},"package_hash":"jsgd2dhglys6mlodcwuyocbgglrnqohdmlfkjah3deui3ymsycwa====","annotations":{"original_specfile_version":5},"hash":"73up77qrrcqxwtlkzvzj77lwqb3vmbfc"},"p37efvyqycfqw26ua6u5yy2nwbmafpkm":{"name":"g4channeling","version":"2.0","arch":{"platform":"darwin","platform_os":"tahoe","target":{"name":"m4","vendor":"Apple","features":["aes","asimd","asimddp","asimdfhm","asimdhp","asimdrdm","atomics","bf16","bti","cpuid","crc32","dcpodp","dcpop","dit","ecv","evtstrm","fcma","flagm","flagm2","fp","fphp","frint","i8mm","ilrcpc","jscvt","lrcpc","paca","pacg","pmull","sb","sha1","sha2","sha3","sha512","sme","sme2","ssbs","uscat"],"generation":0,"parents":["m3","armv8.6a"],"cpupart":"Unknown"}},"namespace":"builtin","parameters":{"build_system":"generic","cflags":[],"cppflags":[],"cxxflags":[],"fflags":[],"ldflags":[],"ldlibs":[]},"package_hash":"hxxhewrui5t7mibamqj6xwpffwf2rpx4zywjqhd5oq2mwvge3ada====","annotations":{"original_specfile_version":5},"hash":"p37efvyqycfqw26ua6u5yy2nwbmafpkm"},"qx2tik4lkzfs64qnnvaeyoeuo4prhnvd":{"name":"g4emlow","version":"8.8","arch":{"platform":"darwin","platform_os":"tahoe","target":{"name":"m4","vendor":"Apple","features":["aes","asimd","asimddp","asimdfhm","asimdhp","asimdrdm","atomics","bf16","bti","cpuid","crc32","dcpodp","dcpop","dit","ecv","evtstrm","fcma","flagm","flagm2","fp","fphp","frint","i8mm","ilrcpc","jscvt","lrcpc","paca","pacg","pmull","sb","sha1","sha2","sha3","sha512","sme","sme2","ssbs","uscat"],"generation":0,"parents":["m3","armv8.6a"],"cpupart":"Unknown"}},"namespace":"builtin","parameters":{"build_system":"generic","cflags":[],"cppflags":[],"cxxflags":[],"fflags":[],"ldflags":[],"ldlibs":[]},"package_hash":"kgellpga7g43j3naxf7pk3m2yvxyajv7xrt6p7cjyvmguir5ucva====","annotations":{"original_specfile_version":5},"hash":"qx2tik4lkzfs64qnnvaeyoeuo4prhnvd"},"gp7uik6qs6qqgdwo7rc6r67vgqyrrfrz":{"name":"g4ensdfstate","version":"3.0","arch":{"platform":"darwin","platform_os":"tahoe","target":{"name":"m4","vendor":"Apple","features":["aes","asimd","asimddp","asimdfhm","asimdhp","asimdrdm","atomics","bf16","bti","cpuid","crc32","dcpodp","dcpop","dit","ecv","evtstrm","fcma","flagm","flagm2","fp","fphp","frint","i8mm","ilrcpc","jscvt","lrcpc","paca","pacg","pmull","sb","sha1","sha2","sha3","sha512","sme","sme2","ssbs","uscat"],"generation":0,"parents":["m3","armv8.6a"],"cpupart":"Unknown"}},"namespace":"builtin","parameters":{"build_system":"generic","cflags":[],"cppflags":[],"cxxflags":[],"fflags":[],"ldflags":[],"ldlibs":[]},"package_hash":"dnamkhshf6tut7jcijf7gv6vc22zxycafw7g57ehqf55qmfxcvjq====","annotations":{"original_specfile_version":5},"hash":"gp7uik6qs6qqgdwo7rc6r67vgqyrrfrz"},"miwwezvo4w6ntpyfvyqulxoom7fu6drc":{"name":"g4incl","version":"1.3","arch":{"platform":"darwin","platform_os":"tahoe","target":{"name":"m4","vendor":"Apple","features":["aes","asimd","asimddp","asimdfhm","asimdhp","asimdrdm","atomics","bf16","bti","cpuid","crc32","dcpodp","dcpop","dit","ecv","evtstrm","fcma","flagm","flagm2","fp","fphp","frint","i8mm","ilrcpc","jscvt","lrcpc","paca","pacg","pmull","sb","sha1","sha2","sha3","sha512","sme","sme2","ssbs","uscat"],"generation":0,"parents":["m3","armv8.6a"],"cpupart":"Unknown"}},"namespace":"builtin","parameters":{"build_system":"generic","cflags":[],"cppflags":[],"cxxflags":[],"fflags":[],"ldflags":[],"ldlibs":[]},"package_hash":"56ymmlhj2xc4buttdltnzfpzz6mtkzkfgmfwjcrjhbuj4hi4z3zq====","annotations":{"original_specfile_version":5},"hash":"miwwezvo4w6ntpyfvyqulxoom7fu6drc"},"hplc5v2cdhhqhpzakvymxkqjhkznbksd":{"name":"g4ndl","version":"4.7.1","arch":{"platform":"darwin","platform_os":"tahoe","target":{"name":"m4","vendor":"Apple","features":["aes","asimd","asimddp","asimdfhm","asimdhp","asimdrdm","atomics","bf16","bti","cpuid","crc32","dcpodp","dcpop","dit","ecv","evtstrm","fcma","flagm","flagm2","fp","fphp","frint","i8mm","ilrcpc","jscvt","lrcpc","paca","pacg","pmull","sb","sha1","sha2","sha3","sha512","sme","sme2","ssbs","uscat"],"generation":0,"parents":["m3","armv8.6a"],"cpupart":"Unknown"}},"namespace":"builtin","parameters":{"build_system":"generic","cflags":[],"cppflags":[],"cxxflags":[],"fflags":[],"ldflags":[],"ldlibs":[]},"package_hash":"hc44vqumbtznrzux6asm5wy7cponfifdgza5qicphih45tfsvxbq====","annotations":{"original_specfile_version":5},"hash":"hplc5v2cdhhqhpzakvymxkqjhkznbksd"},"iapb4dy3gxqjhwutzfya6cgeafagtjiz":{"name":"g4nudexlib","version":"1.0","arch":{"platform":"darwin","platform_os":"tahoe","target":{"name":"m4","vendor":"Apple","features":["aes","asimd","asimddp","asimdfhm","asimdhp","asimdrdm","atomics","bf16","bti","cpuid","crc32","dcpodp","dcpop","dit","ecv","evtstrm","fcma","flagm","flagm2","fp","fphp","frint","i8mm","ilrcpc","jscvt","lrcpc","paca","pacg","pmull","sb","sha1","sha2","sha3","sha512","sme","sme2","ssbs","uscat"],"generation":0,"parents":["m3","armv8.6a"],"cpupart":"Unknown"}},"namespace":"builtin","parameters":{"build_system":"generic","cflags":[],"cppflags":[],"cxxflags":[],"fflags":[],"ldflags":[],"ldlibs":[]},"package_hash":"lqtvft45n47jka5fcmqnsp6u4gadcviiugn5qftkozod4z4m24da====","annotations":{"original_specfile_version":5},"hash":"iapb4dy3gxqjhwutzfya6cgeafagtjiz"},"jb63ppraeqjvfbmyncjl3sckicyecl7b":{"name":"g4particlexs","version":"4.2","arch":{"platform":"darwin","platform_os":"tahoe","target":{"name":"m4","vendor":"Apple","features":["aes","asimd","asimddp","asimdfhm","asimdhp","asimdrdm","atomics","bf16","bti","cpuid","crc32","dcpodp","dcpop","dit","ecv","evtstrm","fcma","flagm","flagm2","fp","fphp","frint","i8mm","ilrcpc","jscvt","lrcpc","paca","pacg","pmull","sb","sha1","sha2","sha3","sha512","sme","sme2","ssbs","uscat"],"generation":0,"parents":["m3","armv8.6a"],"cpupart":"Unknown"}},"namespace":"builtin","parameters":{"build_system":"generic","cflags":[],"cppflags":[],"cxxflags":[],"fflags":[],"ldflags":[],"ldlibs":[]},"package_hash":"cce2sdbg5m7ozwswud6aeojhzn25ujr7ubnt3wja4jjkqd6vyafa====","annotations":{"original_specfile_version":5},"hash":"jb63ppraeqjvfbmyncjl3sckicyecl7b"},"btlooro27esd4gjqz72es5wtqvlpfwlm":{"name":"g4photonevaporation","version":"6.1.2","arch":{"platform":"darwin","platform_os":"tahoe","target":{"name":"m4","vendor":"Apple","features":["aes","asimd","asimddp","asimdfhm","asimdhp","asimdrdm","atomics","bf16","bti","cpuid","crc32","dcpodp","dcpop","dit","ecv","evtstrm","fcma","flagm","flagm2","fp","fphp","frint","i8mm","ilrcpc","jscvt","lrcpc","paca","pacg","pmull","sb","sha1","sha2","sha3","sha512","sme","sme2","ssbs","uscat"],"generation":0,"parents":["m3","armv8.6a"],"cpupart":"Unknown"}},"namespace":"builtin","parameters":{"build_system":"generic","cflags":[],"cppflags":[],"cxxflags":[],"fflags":[],"ldflags":[],"ldlibs":[]},"package_hash":"s3ny6rxzmtrbqtwvzr3zeczepgimhzext2mllemfe6z2jyrbrpxq====","annotations":{"original_specfile_version":5},"hash":"btlooro27esd4gjqz72es5wtqvlpfwlm"},"nxqismg3lafi26ub6fgaxq7whiu72kw6":{"name":"g4pii","version":"1.3","arch":{"platform":"darwin","platform_os":"tahoe","target":{"name":"m4","vendor":"Apple","features":["aes","asimd","asimddp","asimdfhm","asimdhp","asimdrdm","atomics","bf16","bti","cpuid","crc32","dcpodp","dcpop","dit","ecv","evtstrm","fcma","flagm","flagm2","fp","fphp","frint","i8mm","ilrcpc","jscvt","lrcpc","paca","pacg","pmull","sb","sha1","sha2","sha3","sha512","sme","sme2","ssbs","uscat"],"generation":0,"parents":["m3","armv8.6a"],"cpupart":"Unknown"}},"namespace":"builtin","parameters":{"build_system":"generic","cflags":[],"cppflags":[],"cxxflags":[],"fflags":[],"ldflags":[],"ldlibs":[]},"package_hash":"f76ehs5td64sroiqqeowkrux54ioshyatekid6mvmllqsfyjuljq====","annotations":{"original_specfile_version":5},"hash":"nxqismg3lafi26ub6fgaxq7whiu72kw6"},"xwkvizzgtogertt6dt4fusktzg2mypz7":{"name":"g4radioactivedecay","version":"6.1.2","arch":{"platform":"darwin","platform_os":"tahoe","target":{"name":"m4","vendor":"Apple","features":["aes","asimd","asimddp","asimdfhm","asimdhp","asimdrdm","atomics","bf16","bti","cpuid","crc32","dcpodp","dcpop","dit","ecv","evtstrm","fcma","flagm","flagm2","fp","fphp","frint","i8mm","ilrcpc","jscvt","lrcpc","paca","pacg","pmull","sb","sha1","sha2","sha3","sha512","sme","sme2","ssbs","uscat"],"generation":0,"parents":["m3","armv8.6a"],"cpupart":"Unknown"}},"namespace":"builtin","parameters":{"build_system":"generic","cflags":[],"cppflags":[],"cxxflags":[],"fflags":[],"ldflags":[],"ldlibs":[]},"package_hash":"ed5s3jd5myeqgp6o5mdh6dfb66xaf2wogkclayoiuwhtvvjgubuq====","annotations":{"original_specfile_version":5},"hash":"xwkvizzgtogertt6dt4fusktzg2mypz7"},"4prjs4j336pw24rj6rlzgq766m2jxppq":{"name":"g4realsurface","version":"2.2","arch":{"platform":"darwin","platform_os":"tahoe","target":{"name":"m4","vendor":"Apple","features":["aes","asimd","asimddp","asimdfhm","asimdhp","asimdrdm","atomics","bf16","bti","cpuid","crc32","dcpodp","dcpop","dit","ecv","evtstrm","fcma","flagm","flagm2","fp","fphp","frint","i8mm","ilrcpc","jscvt","lrcpc","paca","pacg","pmull","sb","sha1","sha2","sha3","sha512","sme","sme2","ssbs","uscat"],"generation":0,"parents":["m3","armv8.6a"],"cpupart":"Unknown"}},"namespace":"builtin","parameters":{"build_system":"generic","cflags":[],"cppflags":[],"cxxflags":[],"fflags":[],"ldflags":[],"ldlibs":[]},"package_hash":"acqryvx42pcj44keufvw7wr4glr3t4dy2ck3zon6l347t6arkcna====","annotations":{"original_specfile_version":5},"hash":"4prjs4j336pw24rj6rlzgq766m2jxppq"},"ayc6b6gqhq5r3pbv7wgdibw4hsbfkaot":{"name":"g4saiddata","version":"2.0","arch":{"platform":"darwin","platform_os":"tahoe","target":{"name":"m4","vendor":"Apple","features":["aes","asimd","asimddp","asimdfhm","asimdhp","asimdrdm","atomics","bf16","bti","cpuid","crc32","dcpodp","dcpop","dit","ecv","evtstrm","fcma","flagm","flagm2","fp","fphp","frint","i8mm","ilrcpc","jscvt","lrcpc","paca","pacg","pmull","sb","sha1","sha2","sha3","sha512","sme","sme2","ssbs","uscat"],"generation":0,"parents":["m3","armv8.6a"],"cpupart":"Unknown"}},"namespace":"builtin","parameters":{"build_system":"generic","cflags":[],"cppflags":[],"cxxflags":[],"fflags":[],"ldflags":[],"ldlibs":[]},"package_hash":"zpdplqidg6f43bl7l3c23hmblh4wzc75tmb7aqbolucudli76qyq====","annotations":{"original_specfile_version":5},"hash":"ayc6b6gqhq5r3pbv7wgdibw4hsbfkaot"},"nsloe7or43tprszhzslzwxr4bmo36mqf":{"name":"g4tendl","version":"1.4","arch":{"platform":"darwin","platform_os":"tahoe","target":{"name":"m4","vendor":"Apple","features":["aes","asimd","asimddp","asimdfhm","asimdhp","asimdrdm","atomics","bf16","bti","cpuid","crc32","dcpodp","dcpop","dit","ecv","evtstrm","fcma","flagm","flagm2","fp","fphp","frint","i8mm","ilrcpc","jscvt","lrcpc","paca","pacg","pmull","sb","sha1","sha2","sha3","sha512","sme","sme2","ssbs","uscat"],"generation":0,"parents":["m3","armv8.6a"],"cpupart":"Unknown"}},"namespace":"builtin","parameters":{"build_system":"generic","cflags":[],"cppflags":[],"cxxflags":[],"fflags":[],"ldflags":[],"ldlibs":[]},"package_hash":"7rz7sfogk6x6twlt2qedwdwo63vsqujzmqgp6pxmq5sydip7gvwq====","annotations":{"original_specfile_version":5},"hash":"nsloe7or43tprszhzslzwxr4bmo36mqf"},"4up57jt35evgngon2jygyqowjgmxqqln":{"name":"g4urrpt","version":"1.1","arch":{"platform":"darwin","platform_os":"tahoe","target":{"name":"m4","vendor":"Apple","features":["aes","asimd","asimddp","asimdfhm","asimdhp","asimdrdm","atomics","bf16","bti","cpuid","crc32","dcpodp","dcpop","dit","ecv","evtstrm","fcma","flagm","flagm2","fp","fphp","frint","i8mm","ilrcpc","jscvt","lrcpc","paca","pacg","pmull","sb","sha1","sha2","sha3","sha512","sme","sme2","ssbs","uscat"],"generation":0,"parents":["m3","armv8.6a"],"cpupart":"Unknown"}},"namespace":"builtin","parameters":{"build_system":"generic","cflags":[],"cppflags":[],"cxxflags":[],"fflags":[],"ldflags":[],"ldlibs":[]},"package_hash":"hwdik4gbe7hwcbcq5cueq62bwd3pcp4vjlcxbdu7ctv44rcwejiq====","annotations":{"original_specfile_version":5},"hash":"4up57jt35evgngon2jygyqowjgmxqqln"},"ikwu6hdap7phjhks3rbz3d75efqtvc5b":{"name":"git","version":"2.55.0","arch":{"platform":"darwin","platform_os":"tahoe","target":"aarch64"},"namespace":"builtin","parameters":{"build_system":"autotools","man":true,"nls":true,"perl":true,"subtree":true,"tcltk":false,"cflags":[],"cppflags":[],"cxxflags":[],"fflags":[],"ldflags":[],"ldlibs":[]},"external":{"path":"/opt/homebrew/opt/git","module":null,"extra_attributes":{}},"package_hash":"5abv7yhazqwvkdpf3zulfdjpmpmo4o77v4rs4kdyhj5mldhraaqa====","annotations":{"original_specfile_version":5},"hash":"ikwu6hdap7phjhks3rbz3d75efqtvc5b"},"g5mu2ut7kvibdk65552roxfu2dhrfvbl":{"name":"googletest","version":"1.17.0","arch":{"platform":"darwin","platform_os":"tahoe","target":{"name":"m4","vendor":"Apple","features":["aes","asimd","asimddp","asimdfhm","asimdhp","asimdrdm","atomics","bf16","bti","cpuid","crc32","dcpodp","dcpop","dit","ecv","evtstrm","fcma","flagm","flagm2","fp","fphp","frint","i8mm","ilrcpc","jscvt","lrcpc","paca","pacg","pmull","sb","sha1","sha2","sha3","sha512","sme","sme2","ssbs","uscat"],"generation":0,"parents":["m3","armv8.6a"],"cpupart":"Unknown"}},"namespace":"builtin","parameters":{"absl":false,"build_system":"cmake","build_type":"Release","cxxstd":"20","generator":"make","gmock":true,"ipo":false,"pthreads":true,"shared":true,"cflags":[],"cppflags":[],"cxxflags":[],"fflags":[],"ldflags":[],"ldlibs":[]},"package_hash":"dr4f2qykkdesjyx5fvlg67aqaj5wdh22agp2wpby2sawhg3v3kfq====","dependencies":[{"name":"apple-clang","hash":"ti7wjieqs6tajzpk3dehf3u5jnuqk37b","parameters":{"deptypes":["build"],"virtuals":["c","cxx"]}},{"name":"cmake","hash":"mgerfibgn5vhmyjc7pkeufhygu7c4bdu","parameters":{"deptypes":["build"],"virtuals":[]}},{"name":"compiler-wrapper","hash":"iozthyfpsmrsnllz6qxdea76uxvgznxo","parameters":{"deptypes":["build"],"virtuals":[]}},{"name":"gmake","hash":"c7xmboa4kxkati7fywbxgdkbfcc6vi2u","parameters":{"deptypes":["build"],"virtuals":[]}}],"annotations":{"original_specfile_version":5},"hash":"g5mu2ut7kvibdk65552roxfu2dhrfvbl"},"23izb7itq7jlji5pppigbrncgksgpty5":{"name":"ninja","version":"1.13.2","arch":{"platform":"darwin","platform_os":"tahoe","target":"aarch64"},"namespace":"builtin","parameters":{"build_system":"generic","re2c":true,"cflags":[],"cppflags":[],"cxxflags":[],"fflags":[],"ldflags":[],"ldlibs":[]},"external":{"path":"/opt/homebrew/opt/ninja","module":null,"extra_attributes":{}},"package_hash":"uuvqgx4th7p23zkj3upav45jkieybnujaxafz6gfydixqhnfdmaq====","annotations":{"original_specfile_version":5},"hash":"23izb7itq7jlji5pppigbrncgksgpty5"},"4kgktxotfxnn6luqvhidixm3uipesg3w":{"name":"xerces-c","version":"3.3.0","arch":{"platform":"darwin","platform_os":"tahoe","target":{"name":"m4","vendor":"Apple","features":["aes","asimd","asimddp","asimdfhm","asimdhp","asimdrdm","atomics","bf16","bti","cpuid","crc32","dcpodp","dcpop","dit","ecv","evtstrm","fcma","flagm","flagm2","fp","fphp","frint","i8mm","ilrcpc","jscvt","lrcpc","paca","pacg","pmull","sb","sha1","sha2","sha3","sha512","sme","sme2","ssbs","uscat"],"generation":0,"parents":["m3","armv8.6a"],"cpupart":"Unknown"}},"namespace":"builtin","parameters":{"build_system":"autotools","cxxstd":"20","netaccessor":"curl","transcoder":"macos","cflags":[],"cppflags":[],"cxxflags":[],"fflags":[],"ldflags":[],"ldlibs":[]},"package_hash":"g66egal34dbfbmawdlra3h2rmifuvey7bjh2tdgsiurdbhn6igzq====","dependencies":[{"name":"apple-clang","hash":"ti7wjieqs6tajzpk3dehf3u5jnuqk37b","parameters":{"deptypes":["build"],"virtuals":["c","cxx"]}},{"name":"compiler-wrapper","hash":"iozthyfpsmrsnllz6qxdea76uxvgznxo","parameters":{"deptypes":["build"],"virtuals":[]}},{"name":"curl","hash":"3oj3xmh55a3re4uopo5ybdzwnmjk3hyp","parameters":{"deptypes":["build","link"],"virtuals":[]}},{"name":"gmake","hash":"c7xmboa4kxkati7fywbxgdkbfcc6vi2u","parameters":{"deptypes":["build"],"virtuals":[]}},{"name":"gnuconfig","hash":"4aqxyulwqygrdi43bmyjsycspih5us7x","parameters":{"deptypes":["build"],"virtuals":[]}}],"annotations":{"original_specfile_version":5},"hash":"4kgktxotfxnn6luqvhidixm3uipesg3w"},"veavdjlvc5ywmryvlwolp62nuytttyys":{"name":"zlib-ng","version":"2.3.3","arch":{"platform":"darwin","platform_os":"tahoe","target":{"name":"m4","vendor":"Apple","features":["aes","asimd","asimddp","asimdfhm","asimdhp","asimdrdm","atomics","bf16","bti","cpuid","crc32","dcpodp","dcpop","dit","ecv","evtstrm","fcma","flagm","flagm2","fp","fphp","frint","i8mm","ilrcpc","jscvt","lrcpc","paca","pacg","pmull","sb","sha1","sha2","sha3","sha512","sme","sme2","ssbs","uscat"],"generation":0,"parents":["m3","armv8.6a"],"cpupart":"Unknown"}},"namespace":"builtin","parameters":{"build_system":"autotools","compat":true,"new_strategies":true,"opt":true,"pic":true,"shared":true,"cflags":[],"cppflags":[],"cxxflags":[],"fflags":[],"ldflags":[],"ldlibs":[]},"package_hash":"bnbx7ezlmmjgjyubhncgeel7lpbjrj6l4aeuhyewdeyz56l7tqsq====","dependencies":[{"name":"apple-clang","hash":"ti7wjieqs6tajzpk3dehf3u5jnuqk37b","parameters":{"deptypes":["build"],"virtuals":["c","cxx"]}},{"name":"compiler-wrapper","hash":"iozthyfpsmrsnllz6qxdea76uxvgznxo","parameters":{"deptypes":["build"],"virtuals":[]}},{"name":"gmake","hash":"c7xmboa4kxkati7fywbxgdkbfcc6vi2u","parameters":{"deptypes":["build"],"virtuals":[]}},{"name":"gnuconfig","hash":"4aqxyulwqygrdi43bmyjsycspih5us7x","parameters":{"deptypes":["build"],"virtuals":[]}}],"annotations":{"original_specfile_version":5},"hash":"veavdjlvc5ywmryvlwolp62nuytttyys"}}}