{
 "_meta": {
  "file-type": "spack-lockfile",
  "lockfile-version": 2
 },
 "roots": [
  {
   "hash": "jn47wpusrfqv6hx5wygefxjvgne7rh63",
   "spec": "git"
  },
  {
   "hash": "qlm7jtoxithicvtlcmgmcfrc6l2jccio",
   "spec": "git-lfs"
  },
  {
   "hash": "rcdgxwgj2tklj3iwghnuvww5m3u2dgbk",
   "spec": "htop"
  },
  {
   "hash": "qmzx42mh4fvcomiz3vkktbrcp4xd34dd",
   "spec": "lmod"
  },
  {
   "hash": "btgqpyna4p5rb2ex2kt5e2hdo6rmznqn",
   "spec": "ninja"
  },
  {
   "hash": "hpqnfyjdw7dcprixjem7wbw3v5u73sjr",
   "spec": "rename"
  },
  {
   "hash": "3iior6dcwrb7xbknvie7dt52dv3dythe",
   "spec": "python"
  }
 ],
 "concrete_specs": {
  "jn47wpusrfqv6hx5wygefxjvgne7rh63": {
   "git": {
    "version": "2.31.1",
    "arch": {
     "platform": "darwin",
     "platform_os": "bigsur",
     "target": "x86_64"
    },
    "compiler": {
     "name": "apple-clang",
     "version": "12.0.5"
    },
    "namespace": "builtin",
    "parameters": {
     "man": true,
     "nls": true,
     "perl": true,
     "svn": false,
     "tcltk": false,
     "cflags": [],
     "cppflags": [],
     "cxxflags": [],
     "fflags": [],
     "ldflags": [],
     "ldlibs": []
    },
    "external": {
     "path": "/usr/local/Cellar/git/2.31.1",
     "module": null,
     "extra_attributes": {}
    },
    "hash": "jn47wpusrfqv6hx5wygefxjvgne7rh63"
   }
  },
  "qlm7jtoxithicvtlcmgmcfrc6l2jccio": {
   "git-lfs": {
    "version": "2.13.3",
    "arch": {
     "platform": "darwin",
     "platform_os": "bigsur",
     "target": "x86_64"
    },
    "compiler": {
     "name": "apple-clang",
     "version": "12.0.5"
    },
    "namespace": "builtin",
    "parameters": {
     "cflags": [],
     "cppflags": [],
     "cxxflags": [],
     "fflags": [],
     "ldflags": [],
     "ldlibs": []
    },
    "external": {
     "path": "/usr/local/Cellar/git-lfs/2.13.3",
     "module": null,
     "extra_attributes": {}
    },
    "hash": "qlm7jtoxithicvtlcmgmcfrc6l2jccio"
   }
  },
  "rcdgxwgj2tklj3iwghnuvww5m3u2dgbk": {
   "htop": {
    "version": "3.0.5",
    "arch": {
     "platform": "darwin",
     "platform_os": "bigsur",
     "target": "x86_64"
    },
    "compiler": {
     "name": "apple-clang",
     "version": "12.0.5"
    },
    "namespace": "builtin",
    "parameters": {
     "cflags": [],
     "cppflags": [],
     "cxxflags": [],
     "fflags": [],
     "ldflags": [],
     "ldlibs": []
    },
    "external": {
     "path": "/usr/local/Cellar/htop/3.0.5",
     "module": null,
     "extra_attributes": {}
    },
    "hash": "rcdgxwgj2tklj3iwghnuvww5m3u2dgbk"
   }
  },
  "qmzx42mh4fvcomiz3vkktbrcp4xd34dd": {
   "lmod": {
    "version": "8.5.2",
    "arch": {
     "platform": "darwin",
     "platform_os": "bigsur",
     "target": "x86_64"
    },
    "compiler": {
     "name": "apple-clang",
     "version": "12.0.5"
    },
    "namespace": "builtin",
    "parameters": {
     "auto_swap": true,
     "redirect": false,
     "cflags": [],
     "cppflags": [],
     "cxxflags": [],
     "fflags": [],
     "ldflags": [],
     "ldlibs": []
    },
    "external": {
     "path": "/usr/local/Cellar/lmod/8.5.2",
     "module": null,
     "extra_attributes": {}
    },
    "hash": "qmzx42mh4fvcomiz3vkktbrcp4xd34dd"
   }
  },
  "btgqpyna4p5rb2ex2kt5e2hdo6rmznqn": {
   "ninja": {
    "version": "1.10.2",
    "arch": {
     "platform": "darwin",
     "platform_os": "bigsur",
     "target": "x86_64"
    },
    "compiler": {
     "name": "apple-clang",
     "version": "12.0.5"
    },
    "namespace": "builtin",
    "parameters": {
     "cflags": [],
     "cppflags": [],
     "cxxflags": [],
     "fflags": [],
     "ldflags": [],
     "ldlibs": []
    },
    "external": {
     "path": "/usr/local/Cellar/ninja/1.10.2",
     "module": null,
     "extra_attributes": {}
    },
    "hash": "btgqpyna4p5rb2ex2kt5e2hdo6rmznqn"
   }
  },
  "hpqnfyjdw7dcprixjem7wbw3v5u73sjr": {
   "rename": {
    "version": "1.601",
    "arch": {
     "platform": "darwin",
     "platform_os": "bigsur",
     "target": "x86_64"
    },
    "compiler": {
     "name": "apple-clang",
     "version": "12.0.5"
    },
    "namespace": "builtin",
    "parameters": {
     "cflags": [],
     "cppflags": [],
     "cxxflags": [],
     "fflags": [],
     "ldflags": [],
     "ldlibs": []
    },
    "external": {
     "path": "/usr/local/Cellar/rename/1.601",
     "module": null,
     "extra_attributes": {}
    },
    "hash": "hpqnfyjdw7dcprixjem7wbw3v5u73sjr"
   }
  },
  "3iior6dcwrb7xbknvie7dt52dv3dythe": {
   "python": {
    "version": "3.8.10",
    "arch": {
     "platform": "darwin",
     "platform_os": "bigsur",
     "target": "x86_64"
    },
    "compiler": {
     "name": "apple-clang",
     "version": "12.0.5"
    },
    "namespace": "builtin",
    "parameters": {
     "bz2": true,
     "ctypes": true,
     "dbm": true,
     "debug": false,
     "libxml2": true,
     "lzma": true,
     "nis": false,
     "optimizations": false,
     "patches": [
      "0d98e93189bc278fbc37a50ed7f183bd8aaf249a8e1670a465f0db6bb4f8cf87"
     ],
     "pic": true,
     "pyexpat": true,
     "pythoncmd": true,
     "readline": true,
     "shared": true,
     "sqlite3": true,
     "ssl": true,
     "tix": false,
     "tkinter": false,
     "ucs4": false,
     "uuid": true,
     "zlib": true,
     "cflags": [],
     "cppflags": [],
     "cxxflags": [],
     "fflags": [],
     "ldflags": [],
     "ldlibs": []
    },
    "patches": [
     "0d98e93189bc278fbc37a50ed7f183bd8aaf249a8e1670a465f0db6bb4f8cf87"
    ],
    "dependencies": {
     "apple-libuuid": {
      "hash": "grybb7jjmzj2ou6sxbfylx7twhxengwn",
      "type": [
       "build",
       "link"
      ]
     },
     "bzip2": {
      "hash": "uxki5c4iizk3uybedc3ilkm4ywqziifh",
      "type": [
       "build",
       "link"
      ]
     },
     "expat": {
      "hash": "gtbk7ybbibunjhus472vcue7i5r2hsfg",
      "type": [
       "build",
       "link"
      ]
     },
     "gdbm": {
      "hash": "vlfkj4ffvkhkicndhccjxh5kvpk3gjrd",
      "type": [
       "build",
       "link"
      ]
     },
     "gettext": {
      "hash": "4xdfnue7nsyz34qyt7iozspwjn5j3xzk",
      "type": [
       "build",
       "link"
      ]
     },
     "libffi": {
      "hash": "qnaaicn7qqyyy4roxmprp7oyk3tse7ze",
      "type": [
       "build",
       "link"
      ]
     },
     "ncurses": {
      "hash": "cclvzlzrpyv6mgq7e5tsgc5xe6d6ntpb",
      "type": [
       "build",
       "link"
      ]
     },
     "openssl": {
      "hash": "ioi5fdk7ccjz35cmnuolfmbiwhn4kkmt",
      "type": [
       "build",
       "link"
      ]
     },
     "pkgconf": {
      "hash": "wzsofxebsuwuzqmdenyaq7jsedeab5bi",
      "type": [
       "build"
      ]
     },
     "readline": {
      "hash": "yvz4v4q6tesbyej5eeuvepggrawkkwab",
      "type": [
       "build",
       "link"
      ]
     },
     "sqlite": {
      "hash": "yhvkqqseam7ttc4lrguq3oage7mh2f5t",
      "type": [
       "build",
       "link"
      ]
     },
     "xz": {
      "hash": "2lfwfzjhbhsowewaw4m4x3ox33ok7ij4",
      "type": [
       "build",
       "link"
      ]
     },
     "zlib": {
      "hash": "w2ka2t3adyb2ju7szr3z3eqkkny77amu",
      "type": [
       "build",
       "link"
      ]
     }
    },
    "hash": "bgwzclksgav5ln5y7k36fv2djovc6dny"
   }
  },
  "grybb7jjmzj2ou6sxbfylx7twhxengwn": {
   "apple-libuuid": {
    "version": "1353.100.2",
    "arch": {
     "platform": "darwin",
     "platform_os": "bigsur",
     "target": "x86_64"
    },
    "compiler": {
     "name": "apple-clang",
     "version": "12.0.5"
    },
    "namespace": "builtin",
    "parameters": {
     "cflags": [],
     "cppflags": [],
     "cxxflags": [],
     "fflags": [],
     "ldflags": [],
     "ldlibs": []
    },
    "external": {
     "path": "/Applications/Xcode.app/Contents/Developer/Platforms/MacOSX.platform/Developer/SDKs/MacOSX.sdk",
     "module": null,
     "extra_attributes": {}
    },
    "hash": "grybb7jjmzj2ou6sxbfylx7twhxengwn"
   }
  },
  "uxki5c4iizk3uybedc3ilkm4ywqziifh": {
   "bzip2": {
    "version": "1.0.8",
    "arch": {
     "platform": "darwin",
     "platform_os": "bigsur",
     "target": "x86_64"
    },
    "compiler": {
     "name": "apple-clang",
     "version": "12.0.5"
    },
    "namespace": "builtin",
    "parameters": {
     "debug": false,
     "pic": false,
     "shared": true,
     "cflags": [],
     "cppflags": [],
     "cxxflags": [],
     "fflags": [],
     "ldflags": [],
     "ldlibs": []
    },
    "dependencies": {
     "diffutils": {
      "hash": "lg274iw7yj6lwm7cfdnbq3dwube4abb7",
      "type": [
       "build"
      ]
     }
    },
    "hash": "5rkbg67hn33l752gqoktulp6jh5f6swu"
   }
  },
  "lg274iw7yj6lwm7cfdnbq3dwube4abb7": {
   "diffutils": {
    "version": "3.7",
    "arch": {
     "platform": "darwin",
     "platform_os": "bigsur",
     "target": "x86_64"
    },
    "compiler": {
     "name": "apple-clang",
     "version": "12.0.5"
    },
    "namespace": "builtin",
    "parameters": {
     "cflags": [],
     "cppflags": [],
     "cxxflags": [],
     "fflags": [],
     "ldflags": [],
     "ldlibs": []
    },
    "dependencies": {
     "libiconv": {
      "hash": "cvtwddxs2o5lqywrz3o3fwrzttrs6pus",
      "type": [
       "build",
       "link"
      ]
     }
    },
    "hash": "lg274iw7yj6lwm7cfdnbq3dwube4abb7"
   }
  },
  "cvtwddxs2o5lqywrz3o3fwrzttrs6pus": {
   "libiconv": {
    "version": "1.16",
    "arch": {
     "platform": "darwin",
     "platform_os": "bigsur",
     "target": "x86_64"
    },
    "compiler": {
     "name": "apple-clang",
     "version": "12.0.5"
    },
    "namespace": "builtin",
    "parameters": {
     "cflags": [],
     "cppflags": [],
     "cxxflags": [],
     "fflags": [],
     "ldflags": [],
     "ldlibs": []
    },
    "hash": "cvtwddxs2o5lqywrz3o3fwrzttrs6pus"
   }
  },
  "gtbk7ybbibunjhus472vcue7i5r2hsfg": {
   "expat": {
    "version": "2.3.0",
    "arch": {
     "platform": "darwin",
     "platform_os": "bigsur",
     "target": "x86_64"
    },
    "compiler": {
     "name": "apple-clang",
     "version": "12.0.5"
    },
    "namespace": "builtin",
    "parameters": {
     "libbsd": false,
     "cflags": [],
     "cppflags": [],
     "cxxflags": [],
     "fflags": [],
     "ldflags": [],
     "ldlibs": []
    },
    "hash": "gtbk7ybbibunjhus472vcue7i5r2hsfg"
   }
  },
  "vlfkj4ffvkhkicndhccjxh5kvpk3gjrd": {
   "gdbm": {
    "version": "1.19",
    "arch": {
     "platform": "darwin",
     "platform_os": "bigsur",
     "target": "x86_64"
    },
    "compiler": {
     "name": "apple-clang",
     "version": "12.0.5"
    },
    "namespace": "builtin",
    "parameters": {
     "cflags": [],
     "cppflags": [],
     "cxxflags": [],
     "fflags": [],
     "ldflags": [],
     "ldlibs": []
    },
    "dependencies": {
     "readline": {
      "hash": "yvz4v4q6tesbyej5eeuvepggrawkkwab",
      "type": [
       "build",
       "link"
      ]
     }
    },
    "hash": "5batqmmg4wvec5pammvqtdyh6qjrny6h"
   }
  },
  "yvz4v4q6tesbyej5eeuvepggrawkkwab": {
   "readline": {
    "version": "8.1",
    "arch": {
     "platform": "darwin",
     "platform_os": "bigsur",
     "target": "x86_64"
    },
    "compiler": {
     "name": "apple-clang",
     "version": "12.0.5"
    },
    "namespace": "builtin",
    "parameters": {
     "cflags": [],
     "cppflags": [],
     "cxxflags": [],
     "fflags": [],
     "ldflags": [],
     "ldlibs": []
    },
    "dependencies": {
     "ncurses": {
      "hash": "cclvzlzrpyv6mgq7e5tsgc5xe6d6ntpb",
      "type": [
       "build",
       "link"
      ]
     }
    },
    "hash": "lnlezeiozowtprislwixbr4lai2edsbc"
   }
  },
  "cclvzlzrpyv6mgq7e5tsgc5xe6d6ntpb": {
   "ncurses": {
    "version": "6.2",
    "arch": {
     "platform": "darwin",
     "platform_os": "bigsur",
     "target": "x86_64"
    },
    "compiler": {
     "name": "apple-clang",
     "version": "12.0.5"
    },
    "namespace": "builtin",
    "parameters": {
     "abi": "none",
     "symlinks": false,
     "termlib": true,
     "cflags": [],
     "cppflags": [],
     "cxxflags": [],
     "fflags": [],
     "ldflags": [],
     "ldlibs": []
    },
    "dependencies": {
     "pkgconf": {
      "hash": "wzsofxebsuwuzqmdenyaq7jsedeab5bi",
      "type": [
       "build"
      ]
     }
    },
    "hash": "dyy2civvwjtoykityhzsrfwgagsybhyp"
   }
  },
  "wzsofxebsuwuzqmdenyaq7jsedeab5bi": {
   "pkgconf": {
    "version": "0.29.2_3",
    "arch": {
     "platform": "darwin",
     "platform_os": "bigsur",
     "target": "x86_64"
    },
    "compiler": {
     "name": "apple-clang",
     "version": "12.0.5"
    },
    "namespace": "builtin",
    "parameters": {
     "cflags": [],
     "cppflags": [],
     "cxxflags": [],
     "fflags": [],
     "ldflags": [],
     "ldlibs": []
    },
    "external": {
     "path": "/usr/local/Cellar/pkg-config/0.29.2_3",
     "module": null,
     "extra_attributes": {}
    },
    "hash": "wzsofxebsuwuzqmdenyaq7jsedeab5bi"
   }
  },
  "4xdfnue7nsyz34qyt7iozspwjn5j3xzk": {
   "gettext": {
    "version": "0.21",
    "arch": {
     "platform": "darwin",
     "platform_os": "bigsur",
     "target": "x86_64"
    },
    "compiler": {
     "name": "apple-clang",
     "version": "12.0.5"
    },
    "namespace": "builtin",
    "parameters": {
     "bzip2": true,
     "curses": true,
     "git": true,
     "libunistring": false,
     "libxml2": true,
     "tar": true,
     "xz": true,
     "cflags": [],
     "cppflags": [],
     "cxxflags": [],
     "fflags": [],
     "ldflags": [],
     "ldlibs": []
    },
    "dependencies": {
     "bzip2": {
      "hash": "uxki5c4iizk3uybedc3ilkm4ywqziifh",
      "type": [
       "build",
       "link"
      ]
     },
     "libiconv": {
      "hash": "cvtwddxs2o5lqywrz3o3fwrzttrs6pus",
      "type": [
       "build",
       "link"
      ]
     },
     "libxml2": {
      "hash": "rczwqr3m63q2zhmhqbpfcetfgj4jhank",
      "type": [
       "build",
       "link"
      ]
     },
     "ncurses": {
      "hash": "cclvzlzrpyv6mgq7e5tsgc5xe6d6ntpb",
      "type": [
       "build",
       "link"
      ]
     },
     "tar": {
      "hash": "vlfgvimc6mkpufwnp3ngomjujhubxsgi",
      "type": [
       "build",
       "link"
      ]
     },
     "xz": {
      "hash": "2lfwfzjhbhsowewaw4m4x3ox33ok7ij4",
      "type": [
       "build",
       "link",
       "run"
      ]
     }
    },
    "hash": "3gj3usv72honkefcyzjwbaahb5ticwaq"
   }
  },
  "rczwqr3m63q2zhmhqbpfcetfgj4jhank": {
   "libxml2": {
    "version": "2.9.10",
    "arch": {
     "platform": "darwin",
     "platform_os": "bigsur",
     "target": "x86_64"
    },
    "compiler": {
     "name": "apple-clang",
     "version": "12.0.5"
    },
    "namespace": "builtin",
    "parameters": {
     "python": false,
     "cflags": [],
     "cppflags": [],
     "cxxflags": [],
     "fflags": [],
     "ldflags": [],
     "ldlibs": []
    },
    "dependencies": {
     "libiconv": {
      "hash": "cvtwddxs2o5lqywrz3o3fwrzttrs6pus",
      "type": [
       "build",
       "link"
      ]
     },
     "pkgconf": {
      "hash": "wzsofxebsuwuzqmdenyaq7jsedeab5bi",
      "type": [
       "build"
      ]
     },
     "xz": {
      "hash": "2lfwfzjhbhsowewaw4m4x3ox33ok7ij4",
      "type": [
       "build",
       "link"
      ]
     },
     "zlib": {
      "hash": "w2ka2t3adyb2ju7szr3z3eqkkny77amu",
      "type": [
       "build",
       "link"
      ]
     }
    },
    "hash": "sxahmdq7agr6eer6rq5ksk76josto723"
   }
  },
  "2lfwfzjhbhsowewaw4m4x3ox33ok7ij4": {
   "xz": {
    "version": "5.2.5",
    "arch": {
     "platform": "darwin",
     "platform_os": "bigsur",
     "target": "x86_64"
    },
    "compiler": {
     "name": "apple-clang",
     "version": "12.0.5"
    },
    "namespace": "builtin",
    "parameters": {
     "libs": [
      "shared",
      "static"
     ],
     "pic": false,
     "cflags": [],
     "cppflags": [],
     "cxxflags": [],
     "fflags": [],
     "ldflags": [],
     "ldlibs": []
    },
    "hash": "2lfwfzjhbhsowewaw4m4x3ox33ok7ij4"
   }
  },
  "w2ka2t3adyb2ju7szr3z3eqkkny77amu": {
   "zlib": {
    "version": "1.2.11",
    "arch": {
     "platform": "darwin",
     "platform_os": "bigsur",
     "target": "x86_64"
    },
    "compiler": {
     "name": "apple-clang",
     "version": "12.0.5"
    },
    "namespace": "builtin",
    "parameters": {
     "optimize": true,
     "pic": true,
     "shared": true,
     "cflags": [],
     "cppflags": [],
     "cxxflags": [],
     "fflags": [],
     "ldflags": [],
     "ldlibs": []
    },
    "hash": "w2ka2t3adyb2ju7szr3z3eqkkny77amu"
   }
  },
  "vlfgvimc6mkpufwnp3ngomjujhubxsgi": {
   "tar": {
    "version": "1.34",
    "arch": {
     "platform": "darwin",
     "platform_os": "bigsur",
     "target": "x86_64"
    },
    "compiler": {
     "name": "apple-clang",
     "version": "12.0.5"
    },
    "namespace": "builtin",
    "parameters": {
     "cflags": [],
     "cppflags": [],
     "cxxflags": [],
     "fflags": [],
     "ldflags": [],
     "ldlibs": []
    },
    "dependencies": {
     "libiconv": {
      "hash": "cvtwddxs2o5lqywrz3o3fwrzttrs6pus",
      "type": [
       "build",
       "link"
      ]
     }
    },
    "hash": "vlfgvimc6mkpufwnp3ngomjujhubxsgi"
   }
  },
  "qnaaicn7qqyyy4roxmprp7oyk3tse7ze": {
   "libffi": {
    "version": "3.3",
    "arch": {
     "platform": "darwin",
     "platform_os": "bigsur",
     "target": "x86_64"
    },
    "compiler": {
     "name": "apple-clang",
     "version": "12.0.5"
    },
    "namespace": "builtin",
    "parameters": {
     "patches": [
      "26f26c6f29a7ce9bf370ad3ab2610f99365b4bdd7b82e7c31df41a3370d685c0"
     ],
     "cflags": [],
     "cppflags": [],
     "cxxflags": [],
     "fflags": [],
     "ldflags": [],
     "ldlibs": []
    },
    "patches": [
     "26f26c6f29a7ce9bf370ad3ab2610f99365b4bdd7b82e7c31df41a3370d685c0"
    ],
    "hash": "qnaaicn7qqyyy4roxmprp7oyk3tse7ze"
   }
  },
  "ioi5fdk7ccjz35cmnuolfmbiwhn4kkmt": {
   "openssl": {
    "version": "1.1.1k",
    "arch": {
     "platform": "darwin",
     "platform_os": "bigsur",
     "target": "x86_64"
    },
    "compiler": {
     "name": "apple-clang",
     "version": "12.0.5"
    },
    "namespace": "builtin",
    "parameters": {
     "docs": false,
     "systemcerts": true,
     "cflags": [],
     "cppflags": [],
     "cxxflags": [],
     "fflags": [],
     "ldflags": [],
     "ldlibs": []
    },
    "dependencies": {
     "perl": {
      "hash": "gmluauqi7aiepfsy6ftxhnakho2x2d7b",
      "type": [
       "build"
      ]
     },
     "zlib": {
      "hash": "w2ka2t3adyb2ju7szr3z3eqkkny77amu",
      "type": [
       "build",
       "link"
      ]
     }
    },
    "hash": "qavtpzmfltqm4dopwhzkk3tu3s6b2zvt"
   }
  },
  "gmluauqi7aiepfsy6ftxhnakho2x2d7b": {
   "perl": {
    "version": "5.34.0",
    "arch": {
     "platform": "darwin",
     "platform_os": "bigsur",
     "target": "x86_64"
    },
    "compiler": {
     "name": "apple-clang",
     "version": "12.0.5"
    },
    "namespace": "builtin",
    "parameters": {
     "cpanm": true,
     "shared": true,
     "threads": true,
     "cflags": [],
     "cppflags": [],
     "cxxflags": [],
     "fflags": [],
     "ldflags": [],
     "ldlibs": []
    },
    "external": {
     "path": "/usr/local/Cellar/perl/5.34.0",
     "module": null,
     "extra_attributes": {}
    },
    "hash": "gmluauqi7aiepfsy6ftxhnakho2x2d7b"
   }
  },
  "yhvkqqseam7ttc4lrguq3oage7mh2f5t": {
   "sqlite": {
    "version": "3.35.5",
    "arch": {
     "platform": "darwin",
     "platform_os": "bigsur",
     "target": "x86_64"
    },
    "compiler": {
     "name": "apple-clang",
     "version": "12.0.5"
    },
    "namespace": "builtin",
    "parameters": {
     "column_metadata": true,
     "fts": true,
     "functions": false,
     "rtree": false,
     "cflags": [],
     "cppflags": [],
     "cxxflags": [],
     "fflags": [],
     "ldflags": [],
     "ldlibs": []
    },
    "dependencies": {
     "readline": {
      "hash": "yvz4v4q6tesbyej5eeuvepggrawkkwab",
      "type": [
       "build",
       "link"
      ]
     },
     "zlib": {
      "hash": "w2ka2t3adyb2ju7szr3z3eqkkny77amu",
      "type": [
       "build",
       "link"
      ]
     }
    },
    "hash": "conigxv2ll5iwhfovrwdi3whzzwo46uf"
   }
  }
 }
}