{"_meta":{"file-type":"spack-lockfile","lockfile-version":5,"specfile-version":4},"spack":{"version":"0.22.0.dev0","type":"git","commit":"eda4d3fa06f0d6c1aec383fe0bc6dddf81b3395d"},"roots":[{"hash":"vdjd2fxyl4lipj6csaquudresau5yow4","spec":"autoconf"},{"hash":"2sxdi5viktjzcsrqcnpnbw6eujkdfgt4","spec":"m4"},{"hash":"n5l5qz4sg5aml7fjshsbse6vqoq3as5j","spec":"libtool"},{"hash":"iexjcqhwg7dvnsiezve5leyo3yts7gk7","spec":"boost"},{"hash":"v6v33jsd6hi2vqrc5nksze745sedetcf","spec":"automake"}],"concrete_specs":{"vdjd2fxyl4lipj6csaquudresau5yow4":{"name":"autoconf","version":"2.72","arch":{"platform":"darwin","platform_os":"sonoma","target":{"name":"m2","vendor":"Apple","features":["aes","asimd","asimddp","asimdfhm","asimdhp","asimdrdm","atomics","bf16","bti","cpuid","crc32","dcpodp","dcpop","dit","ecv","evtstrm","fcma","flagm","flagm2","fp","fphp","frint","i8mm","ilrcpc","jscvt","lrcpc","paca","pacg","pmull","sb","sha1","sha2","sha3","sha512","ssbs","uscat"],"generation":0,"parents":["m1","armv8.5a"]}},"compiler":{"name":"apple-clang","version":"15.0.0"},"namespace":"builtin","parameters":{"build_system":"autotools","cflags":[],"cppflags":[],"cxxflags":[],"fflags":[],"ldflags":[],"ldlibs":[]},"external":{"path":"/opt/homebrew/Cellar/autoconf/2.72","module":null,"extra_attributes":{}},"package_hash":"o2p7sd2y7u3arqkk24aap54uarfgpxcdohyjbpcmw56nkbs27ueq====","hash":"vdjd2fxyl4lipj6csaquudresau5yow4"},"2sxdi5viktjzcsrqcnpnbw6eujkdfgt4":{"name":"m4","version":"1.4.19","arch":{"platform":"darwin","platform_os":"sonoma","target":{"name":"m2","vendor":"Apple","features":["aes","asimd","asimddp","asimdfhm","asimdhp","asimdrdm","atomics","bf16","bti","cpuid","crc32","dcpodp","dcpop","dit","ecv","evtstrm","fcma","flagm","flagm2","fp","fphp","frint","i8mm","ilrcpc","jscvt","lrcpc","paca","pacg","pmull","sb","sha1","sha2","sha3","sha512","ssbs","uscat"],"generation":0,"parents":["m1","armv8.5a"]}},"compiler":{"name":"apple-clang","version":"15.0.0"},"namespace":"builtin","parameters":{"build_system":"autotools","patches":["9dc5fbd0d5cb1037ab1e6d0ecc74a30df218d0a94bdd5a02759a97f62daca573","bfdffa7c2eb01021d5849b36972c069693654ad826c1a20b53534009a4ec7a89"],"sigsegv":true,"cflags":[],"cppflags":[],"cxxflags":[],"fflags":[],"ldflags":[],"ldlibs":[]},"external":{"path":"/opt/homebrew/Cellar/m4/1.4.19","module":null,"extra_attributes":{}},"patches":["bfdffa7c2eb01021d5849b36972c069693654ad826c1a20b53534009a4ec7a89","9dc5fbd0d5cb1037ab1e6d0ecc74a30df218d0a94bdd5a02759a97f62daca573"],"package_hash":"npb7a53yz7wqx4nvnasxwgzxaoiks6sdjz2eugrgkjxs4ml24xea====","hash":"2sxdi5viktjzcsrqcnpnbw6eujkdfgt4"},"n5l5qz4sg5aml7fjshsbse6vqoq3as5j":{"name":"libtool","version":"2.4.7","arch":{"platform":"darwin","platform_os":"sonoma","target":{"name":"m2","vendor":"Apple","features":["aes","asimd","asimddp","asimdfhm","asimdhp","asimdrdm","atomics","bf16","bti","cpuid","crc32","dcpodp","dcpop","dit","ecv","evtstrm","fcma","flagm","flagm2","fp","fphp","frint","i8mm","ilrcpc","jscvt","lrcpc","paca","pacg","pmull","sb","sha1","sha2","sha3","sha512","ssbs","uscat"],"generation":0,"parents":["m1","armv8.5a"]}},"compiler":{"name":"apple-clang","version":"15.0.0"},"namespace":"builtin","parameters":{"build_system":"autotools","cflags":[],"cppflags":[],"cxxflags":[],"fflags":[],"ldflags":[],"ldlibs":[]},"package_hash":"7lyavyiwpnrhw7tfv5vgri32at345gdegbixiskk63ext2f5rzza====","dependencies":[{"name":"gmake","hash":"fiwnuvd5luys3ziii5pw7q2nf7dnw353","parameters":{"deptypes":["build"],"virtuals":[]}},{"name":"gnuconfig","hash":"ybxeibkfa2yzpbbzfan3box4gkqkw2uw","parameters":{"deptypes":["build"],"virtuals":[]}},{"name":"m4","hash":"2sxdi5viktjzcsrqcnpnbw6eujkdfgt4","parameters":{"deptypes":["build"],"virtuals":[]}}],"hash":"n5l5qz4sg5aml7fjshsbse6vqoq3as5j"},"fiwnuvd5luys3ziii5pw7q2nf7dnw353":{"name":"gmake","version":"3.81","arch":{"platform":"darwin","platform_os":"sonoma","target":{"name":"m2","vendor":"Apple","features":["aes","asimd","asimddp","asimdfhm","asimdhp","asimdrdm","atomics","bf16","bti","cpuid","crc32","dcpodp","dcpop","dit","ecv","evtstrm","fcma","flagm","flagm2","fp","fphp","frint","i8mm","ilrcpc","jscvt","lrcpc","paca","pacg","pmull","sb","sha1","sha2","sha3","sha512","ssbs","uscat"],"generation":0,"parents":["m1","armv8.5a"]}},"compiler":{"name":"apple-clang","version":"15.0.0"},"namespace":"builtin","parameters":{"build_system":"autotools","guile":false,"patches":["ca60bd9c1a1b35bc0dc58b6a4a19d5c2651f7a94a4b22b2c5ea001a1ca7a8a7f"],"cflags":[],"cppflags":[],"cxxflags":[],"fflags":[],"ldflags":[],"ldlibs":[]},"external":{"path":"/usr","module":null,"extra_attributes":{}},"patches":["ca60bd9c1a1b35bc0dc58b6a4a19d5c2651f7a94a4b22b2c5ea001a1ca7a8a7f"],"package_hash":"rgzdugug4gr43sikxoeienbdkmbvzvg4mhsj3vignobttmzuehaa====","hash":"fiwnuvd5luys3ziii5pw7q2nf7dnw353"},"ybxeibkfa2yzpbbzfan3box4gkqkw2uw":{"name":"gnuconfig","version":"2022-09-17","arch":{"platform":"darwin","platform_os":"sonoma","target":{"name":"m2","vendor":"Apple","features":["aes","asimd","asimddp","asimdfhm","asimdhp","asimdrdm","atomics","bf16","bti","cpuid","crc32","dcpodp","dcpop","dit","ecv","evtstrm","fcma","flagm","flagm2","fp","fphp","frint","i8mm","ilrcpc","jscvt","lrcpc","paca","pacg","pmull","sb","sha1","sha2","sha3","sha512","ssbs","uscat"],"generation":0,"parents":["m1","armv8.5a"]}},"compiler":{"name":"apple-clang","version":"15.0.0"},"namespace":"builtin","parameters":{"build_system":"generic","cflags":[],"cppflags":[],"cxxflags":[],"fflags":[],"ldflags":[],"ldlibs":[]},"package_hash":"2gikx4ks5wrf2cct3kt2ras4snqcrgwicovqmrn7sfac5g55qzdq====","hash":"ybxeibkfa2yzpbbzfan3box4gkqkw2uw"},"iexjcqhwg7dvnsiezve5leyo3yts7gk7":{"name":"boost","version":"1.84.0","arch":{"platform":"darwin","platform_os":"sonoma","target":{"name":"m2","vendor":"Apple","features":["aes","asimd","asimddp","asimdfhm","asimdhp","asimdrdm","atomics","bf16","bti","cpuid","crc32","dcpodp","dcpop","dit","ecv","evtstrm","fcma","flagm","flagm2","fp","fphp","frint","i8mm","ilrcpc","jscvt","lrcpc","paca","pacg","pmull","sb","sha1","sha2","sha3","sha512","ssbs","uscat"],"generation":0,"parents":["m1","armv8.5a"]}},"compiler":{"name":"apple-clang","version":"15.0.0"},"namespace":"builtin","parameters":{"atomic":false,"build_system":"generic","chrono":false,"clanglibcpp":false,"container":false,"context":false,"contract":false,"coroutine":false,"cxxstd":"17","date_time":false,"debug":false,"exception":false,"fiber":false,"filesystem":false,"graph":false,"graph_parallel":false,"icu":false,"iostreams":false,"json":false,"locale":false,"log":false,"math":false,"mpi":false,"multithreaded":true,"nowide":false,"numpy":false,"patches":["a440f9696d3bbb77e7eab1516c004730f622e59c71d39960b472026ef92f88e8"],"pic":false,"program_options":false,"python":false,"random":false,"regex":false,"serialization":false,"shared":true,"signals":false,"singlethreaded":false,"stacktrace":false,"system":false,"taggedlayout":false,"test":false,"thread":false,"timer":false,"type_erasure":false,"versionedlayout":false,"visibility":"hidden","wave":false,"cflags":[],"cppflags":[],"cxxflags":[],"fflags":[],"ldflags":[],"ldlibs":[]},"patches":["a440f9696d3bbb77e7eab1516c004730f622e59c71d39960b472026ef92f88e8"],"package_hash":"inexix4q3e2g7s55yrs5kts6245u2so62gudqfnxhoq6ftmilppa====","hash":"iexjcqhwg7dvnsiezve5leyo3yts7gk7"},"v6v33jsd6hi2vqrc5nksze745sedetcf":{"name":"automake","version":"1.16.5","arch":{"platform":"darwin","platform_os":"sonoma","target":{"name":"m2","vendor":"Apple","features":["aes","asimd","asimddp","asimdfhm","asimdhp","asimdrdm","atomics","bf16","bti","cpuid","crc32","dcpodp","dcpop","dit","ecv","evtstrm","fcma","flagm","flagm2","fp","fphp","frint","i8mm","ilrcpc","jscvt","lrcpc","paca","pacg","pmull","sb","sha1","sha2","sha3","sha512","ssbs","uscat"],"generation":0,"parents":["m1","armv8.5a"]}},"compiler":{"name":"apple-clang","version":"15.0.0"},"namespace":"builtin","parameters":{"build_system":"autotools","cflags":[],"cppflags":[],"cxxflags":[],"fflags":[],"ldflags":[],"ldlibs":[]},"external":{"path":"/opt/homebrew/Cellar/automake/1.16.5","module":null,"extra_attributes":{}},"package_hash":"mwdviv4g6xu2ttfs6dnzmwbofpxa4vke3y5egbb6w4fesykvnbda====","hash":"v6v33jsd6hi2vqrc5nksze745sedetcf"}}}