{"_meta":{"file-type":"spack-lockfile","lockfile-version":5,"specfile-version":4},"spack":{"version":"0.21.0.dev0","type":"git","commit":"088e4c6b647c56f26639e5f17584e647ab0f9ccb"},"roots":[{"hash":"l5jsuejyasjlkcqng5qxuajiaphy4ayr","spec":"autoconf"},{"hash":"yhteq6sj6hrwqm6vil3hxwqz67kx7iqq","spec":"m4"},{"hash":"epqhu2bkmbtwimh635p4rdiezsaratzo","spec":"libtool"},{"hash":"bcygonqxt36khkyveavcxs3ihpvda7vv","spec":"boost"},{"hash":"g2qww6zqv62sku3tshpscy6o3hjcoz7u","spec":"automake"}],"concrete_specs":{"l5jsuejyasjlkcqng5qxuajiaphy4ayr":{"name":"autoconf","version":"2.71","arch":{"platform":"darwin","platform_os":"macos","target":{"name":"m2","vendor":"Apple","features":["aes","asimd","asimddp","asimdfhm","asimdhp","asimdrdm","atomics","bf16","bti","cpuid","crc32","dcpodp","dcpop","dit","ecv","evtstrm","fcma","flagm","flagm2","fp","fphp","frint","i8mm","ilrcpc","jscvt","lrcpc","paca","pacg","pmull","sb","sha1","sha2","sha3","sha512","ssbs","uscat"],"generation":0,"parents":["m1","armv8.5a"]}},"compiler":{"name":"apple-clang","version":"15.0.0"},"namespace":"builtin","parameters":{"build_system":"autotools","cflags":[],"cppflags":[],"cxxflags":[],"fflags":[],"ldflags":[],"ldlibs":[]},"external":{"path":"/opt/homebrew/Cellar/autoconf/2.71","module":null,"extra_attributes":{}},"package_hash":"odrqabb2wbyxuttpdhhamqazvk2oyfsbv2f4edx7qgdlwu3vjgaa====","hash":"l5jsuejyasjlkcqng5qxuajiaphy4ayr"},"yhteq6sj6hrwqm6vil3hxwqz67kx7iqq":{"name":"m4","version":"1.4.19","arch":{"platform":"darwin","platform_os":"macos","target":{"name":"m2","vendor":"Apple","features":["aes","asimd","asimddp","asimdfhm","asimdhp","asimdrdm","atomics","bf16","bti","cpuid","crc32","dcpodp","dcpop","dit","ecv","evtstrm","fcma","flagm","flagm2","fp","fphp","frint","i8mm","ilrcpc","jscvt","lrcpc","paca","pacg","pmull","sb","sha1","sha2","sha3","sha512","ssbs","uscat"],"generation":0,"parents":["m1","armv8.5a"]}},"compiler":{"name":"apple-clang","version":"15.0.0"},"namespace":"builtin","parameters":{"build_system":"autotools","patches":["9dc5fbd0d5cb1037ab1e6d0ecc74a30df218d0a94bdd5a02759a97f62daca573","bfdffa7c2eb01021d5849b36972c069693654ad826c1a20b53534009a4ec7a89"],"sigsegv":true,"cflags":[],"cppflags":[],"cxxflags":[],"fflags":[],"ldflags":[],"ldlibs":[]},"external":{"path":"/opt/homebrew/Cellar/m4/1.4.19","module":null,"extra_attributes":{}},"patches":["bfdffa7c2eb01021d5849b36972c069693654ad826c1a20b53534009a4ec7a89","9dc5fbd0d5cb1037ab1e6d0ecc74a30df218d0a94bdd5a02759a97f62daca573"],"package_hash":"npb7a53yz7wqx4nvnasxwgzxaoiks6sdjz2eugrgkjxs4ml24xea====","hash":"yhteq6sj6hrwqm6vil3hxwqz67kx7iqq"},"epqhu2bkmbtwimh635p4rdiezsaratzo":{"name":"libtool","version":"2.4.7","arch":{"platform":"darwin","platform_os":"macos","target":{"name":"m2","vendor":"Apple","features":["aes","asimd","asimddp","asimdfhm","asimdhp","asimdrdm","atomics","bf16","bti","cpuid","crc32","dcpodp","dcpop","dit","ecv","evtstrm","fcma","flagm","flagm2","fp","fphp","frint","i8mm","ilrcpc","jscvt","lrcpc","paca","pacg","pmull","sb","sha1","sha2","sha3","sha512","ssbs","uscat"],"generation":0,"parents":["m1","armv8.5a"]}},"compiler":{"name":"apple-clang","version":"15.0.0"},"namespace":"builtin","parameters":{"build_system":"autotools","cflags":[],"cppflags":[],"cxxflags":[],"fflags":[],"ldflags":[],"ldlibs":[]},"package_hash":"7lyavyiwpnrhw7tfv5vgri32at345gdegbixiskk63ext2f5rzza====","dependencies":[{"name":"gnuconfig","hash":"n54fqykkozmrw6bkwvbk3rgvlf6fad53","parameters":{"deptypes":["build"],"virtuals":[]}},{"name":"m4","hash":"yhteq6sj6hrwqm6vil3hxwqz67kx7iqq","parameters":{"deptypes":["build"],"virtuals":[]}}],"hash":"epqhu2bkmbtwimh635p4rdiezsaratzo"},"n54fqykkozmrw6bkwvbk3rgvlf6fad53":{"name":"gnuconfig","version":"2022-09-17","arch":{"platform":"darwin","platform_os":"macos","target":{"name":"m2","vendor":"Apple","features":["aes","asimd","asimddp","asimdfhm","asimdhp","asimdrdm","atomics","bf16","bti","cpuid","crc32","dcpodp","dcpop","dit","ecv","evtstrm","fcma","flagm","flagm2","fp","fphp","frint","i8mm","ilrcpc","jscvt","lrcpc","paca","pacg","pmull","sb","sha1","sha2","sha3","sha512","ssbs","uscat"],"generation":0,"parents":["m1","armv8.5a"]}},"compiler":{"name":"apple-clang","version":"15.0.0"},"namespace":"builtin","parameters":{"build_system":"generic","cflags":[],"cppflags":[],"cxxflags":[],"fflags":[],"ldflags":[],"ldlibs":[]},"package_hash":"2gikx4ks5wrf2cct3kt2ras4snqcrgwicovqmrn7sfac5g55qzdq====","hash":"n54fqykkozmrw6bkwvbk3rgvlf6fad53"},"bcygonqxt36khkyveavcxs3ihpvda7vv":{"name":"boost","version":"1.83.0","arch":{"platform":"darwin","platform_os":"macos","target":{"name":"m2","vendor":"Apple","features":["aes","asimd","asimddp","asimdfhm","asimdhp","asimdrdm","atomics","bf16","bti","cpuid","crc32","dcpodp","dcpop","dit","ecv","evtstrm","fcma","flagm","flagm2","fp","fphp","frint","i8mm","ilrcpc","jscvt","lrcpc","paca","pacg","pmull","sb","sha1","sha2","sha3","sha512","ssbs","uscat"],"generation":0,"parents":["m1","armv8.5a"]}},"compiler":{"name":"apple-clang","version":"15.0.0"},"namespace":"builtin","parameters":{"atomic":false,"build_system":"generic","chrono":false,"clanglibcpp":false,"container":false,"context":false,"contract":false,"coroutine":false,"cxxstd":"17","date_time":false,"debug":false,"exception":false,"fiber":false,"filesystem":false,"graph":false,"graph_parallel":false,"icu":false,"iostreams":false,"json":false,"locale":false,"log":false,"math":false,"mpi":false,"multithreaded":true,"nowide":false,"numpy":false,"patches":["a440f9696d3bbb77e7eab1516c004730f622e59c71d39960b472026ef92f88e8"],"pic":false,"program_options":false,"python":false,"random":false,"regex":false,"serialization":false,"shared":true,"signals":false,"singlethreaded":false,"stacktrace":false,"system":false,"taggedlayout":false,"test":false,"thread":false,"timer":false,"type_erasure":false,"versionedlayout":false,"visibility":"hidden","wave":false,"cflags":[],"cppflags":[],"cxxflags":[],"fflags":[],"ldflags":[],"ldlibs":[]},"patches":["a440f9696d3bbb77e7eab1516c004730f622e59c71d39960b472026ef92f88e8"],"package_hash":"4m53wjgglhvwyp2ayihcnf4jsvgmllvzuwdtk3snhm3ybzx6ukcq====","hash":"bcygonqxt36khkyveavcxs3ihpvda7vv"},"g2qww6zqv62sku3tshpscy6o3hjcoz7u":{"name":"automake","version":"1.16.5","arch":{"platform":"darwin","platform_os":"macos","target":{"name":"m2","vendor":"Apple","features":["aes","asimd","asimddp","asimdfhm","asimdhp","asimdrdm","atomics","bf16","bti","cpuid","crc32","dcpodp","dcpop","dit","ecv","evtstrm","fcma","flagm","flagm2","fp","fphp","frint","i8mm","ilrcpc","jscvt","lrcpc","paca","pacg","pmull","sb","sha1","sha2","sha3","sha512","ssbs","uscat"],"generation":0,"parents":["m1","armv8.5a"]}},"compiler":{"name":"apple-clang","version":"15.0.0"},"namespace":"builtin","parameters":{"build_system":"autotools","cflags":[],"cppflags":[],"cxxflags":[],"fflags":[],"ldflags":[],"ldlibs":[]},"external":{"path":"/opt/homebrew/Cellar/automake/1.16.5","module":null,"extra_attributes":{}},"package_hash":"mwdviv4g6xu2ttfs6dnzmwbofpxa4vke3y5egbb6w4fesykvnbda====","hash":"g2qww6zqv62sku3tshpscy6o3hjcoz7u"}}}