{
  "_meta": {
    "file-type": "spack-lockfile",
    "lockfile-version": 3,
    "specfile-version": 2
  },
  "roots": [
    {
      "hash": "hthzodjtb64u36vn67oa5jelffiuckks",
      "spec": "cmake"
    },
    {
      "hash": "7r57rm567oiv65vkv6tnpp6gylzjkz2s",
      "spec": "ninja"
    },
    {
      "hash": "774bypx642nqzhtfqowo6ic37gxjp5mk",
      "spec": "openmpi"
    },
    {
      "hash": "piwgnrcjfduargenq6pgtiy6f476s6pv",
      "spec": "trilinos@13.2.0+amesos2+anasazi+belos+ifpack2+kokkos+mpi+muelu+nox+stratimikos+tpetra gotype=long_long"
    }
  ],
  "concrete_specs": {
    "hthzodjtb64u36vn67oa5jelffiuckks": {
      "name": "cmake",
      "version": "3.22.2",
      "arch": {
        "platform": "darwin",
        "platform_os": "monterey",
        "target": "x86_64"
      },
      "compiler": {
        "name": "apple-clang",
        "version": "13.0.0"
      },
      "namespace": "builtin",
      "parameters": {
        "build_type": "Release",
        "doc": false,
        "ncurses": true,
        "openssl": true,
        "ownlibs": true,
        "qt": false,
        "cflags": [],
        "cppflags": [],
        "cxxflags": [],
        "fflags": [],
        "ldflags": [],
        "ldlibs": []
      },
      "dependencies": [
        {
          "name": "ncurses",
          "build_hash": "26m3ztan4nc7juaheohcg5ugrkew4hqt",
          "type": [
            "build",
            "link"
          ]
        },
        {
          "name": "openssl",
          "build_hash": "uq2vgd5rr5gp7rzgpvg6ekbeinn2hugh",
          "type": [
            "build",
            "link"
          ]
        }
      ],
      "hash": "yjdagszipeb3phxt3oeoeex6kunbd7kj"
    },
    "26m3ztan4nc7juaheohcg5ugrkew4hqt": {
      "name": "ncurses",
      "version": "6.2",
      "arch": {
        "platform": "darwin",
        "platform_os": "monterey",
        "target": "x86_64"
      },
      "compiler": {
        "name": "apple-clang",
        "version": "13.0.0"
      },
      "namespace": "builtin",
      "parameters": {
        "abi": "none",
        "symlinks": false,
        "termlib": true,
        "cflags": [],
        "cppflags": [],
        "cxxflags": [],
        "fflags": [],
        "ldflags": [],
        "ldlibs": []
      },
      "dependencies": [
        {
          "name": "pkgconf",
          "build_hash": "nt3e3jdlff6k3g2twm635sy6ii2fmjg2",
          "type": [
            "build"
          ]
        }
      ],
      "hash": "yzypcoehjgxvqcf73g456svmn72bzbuw"
    },
    "nt3e3jdlff6k3g2twm635sy6ii2fmjg2": {
      "name": "pkgconf",
      "version": "1.8.0",
      "arch": {
        "platform": "darwin",
        "platform_os": "monterey",
        "target": "x86_64"
      },
      "compiler": {
        "name": "apple-clang",
        "version": "13.0.0"
      },
      "namespace": "builtin",
      "parameters": {
        "cflags": [],
        "cppflags": [],
        "cxxflags": [],
        "fflags": [],
        "ldflags": [],
        "ldlibs": []
      },
      "hash": "nt3e3jdlff6k3g2twm635sy6ii2fmjg2"
    },
    "uq2vgd5rr5gp7rzgpvg6ekbeinn2hugh": {
      "name": "openssl",
      "version": "1.1.1m",
      "arch": {
        "platform": "darwin",
        "platform_os": "monterey",
        "target": "x86_64"
      },
      "compiler": {
        "name": "apple-clang",
        "version": "13.0.0"
      },
      "namespace": "builtin",
      "parameters": {
        "certs": "system",
        "docs": false,
        "cflags": [],
        "cppflags": [],
        "cxxflags": [],
        "fflags": [],
        "ldflags": [],
        "ldlibs": []
      },
      "dependencies": [
        {
          "name": "perl",
          "build_hash": "khxcnmzv56febiv6iwfdwgg6ejgjjqsd",
          "type": [
            "build"
          ]
        },
        {
          "name": "zlib",
          "build_hash": "fj3aancm72hxjybw6445d5uuftok6jvr",
          "type": [
            "build",
            "link"
          ]
        }
      ],
      "hash": "o6osykoro3ocazkqxrtjfulnc2s6sdhq"
    },
    "khxcnmzv56febiv6iwfdwgg6ejgjjqsd": {
      "name": "perl",
      "version": "5.34.0",
      "arch": {
        "platform": "darwin",
        "platform_os": "monterey",
        "target": "x86_64"
      },
      "compiler": {
        "name": "apple-clang",
        "version": "13.0.0"
      },
      "namespace": "builtin",
      "parameters": {
        "cpanm": true,
        "shared": true,
        "threads": true,
        "cflags": [],
        "cppflags": [],
        "cxxflags": [],
        "fflags": [],
        "ldflags": [],
        "ldlibs": []
      },
      "dependencies": [
        {
          "name": "berkeley-db",
          "build_hash": "jsxgjhu6kaciv4dclqseywctaayeztwv",
          "type": [
            "build",
            "link"
          ]
        },
        {
          "name": "bzip2",
          "build_hash": "6c3a74jawg2mkst5s3xjz2rvsgrxflnp",
          "type": [
            "build",
            "link"
          ]
        },
        {
          "name": "gdbm",
          "build_hash": "pgypqscz63skxjatntzzbumidi5dplv6",
          "type": [
            "build",
            "link"
          ]
        },
        {
          "name": "zlib",
          "build_hash": "fj3aancm72hxjybw6445d5uuftok6jvr",
          "type": [
            "build",
            "link"
          ]
        }
      ],
      "hash": "ux3uf3md4qnxhreafwf7fcuq5wd6cjgp"
    },
    "jsxgjhu6kaciv4dclqseywctaayeztwv": {
      "name": "berkeley-db",
      "version": "18.1.40",
      "arch": {
        "platform": "darwin",
        "platform_os": "monterey",
        "target": "x86_64"
      },
      "compiler": {
        "name": "apple-clang",
        "version": "13.0.0"
      },
      "namespace": "builtin",
      "parameters": {
        "cxx": true,
        "docs": false,
        "patches": [
          "b231fcc4d5cff05e5c3a4814f6a5af0e9a966428dc2176540d2c05aff41de522"
        ],
        "stl": true,
        "cflags": [],
        "cppflags": [],
        "cxxflags": [],
        "fflags": [],
        "ldflags": [],
        "ldlibs": []
      },
      "patches": [
        "b231fcc4d5cff05e5c3a4814f6a5af0e9a966428dc2176540d2c05aff41de522"
      ],
      "hash": "jsxgjhu6kaciv4dclqseywctaayeztwv"
    },
    "6c3a74jawg2mkst5s3xjz2rvsgrxflnp": {
      "name": "bzip2",
      "version": "1.0.8",
      "arch": {
        "platform": "darwin",
        "platform_os": "monterey",
        "target": "x86_64"
      },
      "compiler": {
        "name": "apple-clang",
        "version": "13.0.0"
      },
      "namespace": "builtin",
      "parameters": {
        "debug": false,
        "pic": false,
        "shared": true,
        "cflags": [],
        "cppflags": [],
        "cxxflags": [],
        "fflags": [],
        "ldflags": [],
        "ldlibs": []
      },
      "dependencies": [
        {
          "name": "diffutils",
          "build_hash": "i5sfxg627kftkesfmnsaaarf7kplngpb",
          "type": [
            "build"
          ]
        }
      ],
      "hash": "layd3qcuhzpbmnmyjqdcjkpvfompfspc"
    },
    "i5sfxg627kftkesfmnsaaarf7kplngpb": {
      "name": "diffutils",
      "version": "3.8",
      "arch": {
        "platform": "darwin",
        "platform_os": "monterey",
        "target": "x86_64"
      },
      "compiler": {
        "name": "apple-clang",
        "version": "13.0.0"
      },
      "namespace": "builtin",
      "parameters": {
        "cflags": [],
        "cppflags": [],
        "cxxflags": [],
        "fflags": [],
        "ldflags": [],
        "ldlibs": []
      },
      "dependencies": [
        {
          "name": "libiconv",
          "build_hash": "brlt6smd7ihozdfabr4em3vwspx6ryc4",
          "type": [
            "build",
            "link"
          ]
        }
      ],
      "hash": "4x3cte5tegmltaoioaghmjtskff72lnn"
    },
    "brlt6smd7ihozdfabr4em3vwspx6ryc4": {
      "name": "libiconv",
      "version": "1.16",
      "arch": {
        "platform": "darwin",
        "platform_os": "monterey",
        "target": "x86_64"
      },
      "compiler": {
        "name": "apple-clang",
        "version": "13.0.0"
      },
      "namespace": "builtin",
      "parameters": {
        "libs": [
          "shared",
          "static"
        ],
        "cflags": [],
        "cppflags": [],
        "cxxflags": [],
        "fflags": [],
        "ldflags": [],
        "ldlibs": []
      },
      "hash": "brlt6smd7ihozdfabr4em3vwspx6ryc4"
    },
    "pgypqscz63skxjatntzzbumidi5dplv6": {
      "name": "gdbm",
      "version": "1.19",
      "arch": {
        "platform": "darwin",
        "platform_os": "monterey",
        "target": "x86_64"
      },
      "compiler": {
        "name": "apple-clang",
        "version": "13.0.0"
      },
      "namespace": "builtin",
      "parameters": {
        "cflags": [],
        "cppflags": [],
        "cxxflags": [],
        "fflags": [],
        "ldflags": [],
        "ldlibs": []
      },
      "dependencies": [
        {
          "name": "readline",
          "build_hash": "65efa3uv3j5zyz5vv5j74r2rcc4qjhwr",
          "type": [
            "build",
            "link"
          ]
        }
      ],
      "hash": "s6jre6zy3s5rjbvg5tog2uorvd3zgr47"
    },
    "65efa3uv3j5zyz5vv5j74r2rcc4qjhwr": {
      "name": "readline",
      "version": "8.1",
      "arch": {
        "platform": "darwin",
        "platform_os": "monterey",
        "target": "x86_64"
      },
      "compiler": {
        "name": "apple-clang",
        "version": "13.0.0"
      },
      "namespace": "builtin",
      "parameters": {
        "cflags": [],
        "cppflags": [],
        "cxxflags": [],
        "fflags": [],
        "ldflags": [],
        "ldlibs": []
      },
      "dependencies": [
        {
          "name": "ncurses",
          "build_hash": "26m3ztan4nc7juaheohcg5ugrkew4hqt",
          "type": [
            "build",
            "link"
          ]
        }
      ],
      "hash": "wqhqfjcmba64urwihxincnj5b64dwhlu"
    },
    "fj3aancm72hxjybw6445d5uuftok6jvr": {
      "name": "zlib",
      "version": "1.2.11",
      "arch": {
        "platform": "darwin",
        "platform_os": "monterey",
        "target": "x86_64"
      },
      "compiler": {
        "name": "apple-clang",
        "version": "13.0.0"
      },
      "namespace": "builtin",
      "parameters": {
        "optimize": true,
        "pic": true,
        "shared": true,
        "cflags": [],
        "cppflags": [],
        "cxxflags": [],
        "fflags": [],
        "ldflags": [],
        "ldlibs": []
      },
      "hash": "fj3aancm72hxjybw6445d5uuftok6jvr"
    },
    "7r57rm567oiv65vkv6tnpp6gylzjkz2s": {
      "name": "ninja",
      "version": "1.10.2",
      "arch": {
        "platform": "darwin",
        "platform_os": "monterey",
        "target": "x86_64"
      },
      "compiler": {
        "name": "apple-clang",
        "version": "13.0.0"
      },
      "namespace": "builtin",
      "parameters": {
        "cflags": [],
        "cppflags": [],
        "cxxflags": [],
        "fflags": [],
        "ldflags": [],
        "ldlibs": []
      },
      "dependencies": [
        {
          "name": "python",
          "build_hash": "c3qdfet4glwcweebb6mhyhclfac7bhmm",
          "type": [
            "build"
          ]
        }
      ],
      "hash": "56sdx6pkn7xo6cu7uczatrejurjpivax"
    },
    "c3qdfet4glwcweebb6mhyhclfac7bhmm": {
      "name": "python",
      "version": "3.9.10",
      "arch": {
        "platform": "darwin",
        "platform_os": "monterey",
        "target": "x86_64"
      },
      "compiler": {
        "name": "apple-clang",
        "version": "13.0.0"
      },
      "namespace": "builtin",
      "parameters": {
        "bz2": true,
        "ctypes": true,
        "dbm": true,
        "debug": false,
        "ensurepip": true,
        "libxml2": true,
        "lzma": true,
        "nis": false,
        "optimizations": false,
        "patches": [
          "0d98e93189bc278fbc37a50ed7f183bd8aaf249a8e1670a465f0db6bb4f8cf87",
          "4c2457325f2b608b1b6a2c63087df8c26e07db3e3d493caf36a56f0ecf6fb768",
          "f2fd060afc4b4618fe8104c4c5d771f36dc55b1db5a4623785a4ea707ec72fb4"
        ],
        "pic": true,
        "pyexpat": true,
        "pythoncmd": true,
        "readline": true,
        "shared": true,
        "sqlite3": true,
        "ssl": true,
        "tix": false,
        "tkinter": false,
        "ucs4": false,
        "uuid": true,
        "zlib": true,
        "cflags": [],
        "cppflags": [],
        "cxxflags": [],
        "fflags": [],
        "ldflags": [],
        "ldlibs": []
      },
      "patches": [
        "0d98e93189bc278fbc37a50ed7f183bd8aaf249a8e1670a465f0db6bb4f8cf87",
        "f2fd060afc4b4618fe8104c4c5d771f36dc55b1db5a4623785a4ea707ec72fb4",
        "4c2457325f2b608b1b6a2c63087df8c26e07db3e3d493caf36a56f0ecf6fb768"
      ],
      "dependencies": [
        {
          "name": "apple-libuuid",
          "build_hash": "p7njdfajvqazxjlxfoapznq65lfpi2io",
          "type": [
            "build",
            "link"
          ]
        },
        {
          "name": "bzip2",
          "build_hash": "6c3a74jawg2mkst5s3xjz2rvsgrxflnp",
          "type": [
            "build",
            "link"
          ]
        },
        {
          "name": "expat",
          "build_hash": "pqoulybddd5jze7febejsmcx3eerhroh",
          "type": [
            "build",
            "link"
          ]
        },
        {
          "name": "gdbm",
          "build_hash": "pgypqscz63skxjatntzzbumidi5dplv6",
          "type": [
            "build",
            "link"
          ]
        },
        {
          "name": "gettext",
          "build_hash": "ngx5qa3bz2fobe3c54ogguojbrfls2ol",
          "type": [
            "build",
            "link"
          ]
        },
        {
          "name": "libffi",
          "build_hash": "yl2xcitpffepad2i23qf33xxbvlwj76o",
          "type": [
            "build",
            "link"
          ]
        },
        {
          "name": "ncurses",
          "build_hash": "26m3ztan4nc7juaheohcg5ugrkew4hqt",
          "type": [
            "build",
            "link"
          ]
        },
        {
          "name": "openssl",
          "build_hash": "uq2vgd5rr5gp7rzgpvg6ekbeinn2hugh",
          "type": [
            "build",
            "link"
          ]
        },
        {
          "name": "pkgconf",
          "build_hash": "nt3e3jdlff6k3g2twm635sy6ii2fmjg2",
          "type": [
            "build"
          ]
        },
        {
          "name": "readline",
          "build_hash": "65efa3uv3j5zyz5vv5j74r2rcc4qjhwr",
          "type": [
            "build",
            "link"
          ]
        },
        {
          "name": "sqlite",
          "build_hash": "lfoba3ssa573cxlzwc5oor7vwdd2xbe4",
          "type": [
            "build",
            "link"
          ]
        },
        {
          "name": "xz",
          "build_hash": "x5c5oesxiiclloghj4ccuwzs3rs2m65m",
          "type": [
            "build",
            "link"
          ]
        },
        {
          "name": "zlib",
          "build_hash": "fj3aancm72hxjybw6445d5uuftok6jvr",
          "type": [
            "build",
            "link"
          ]
        }
      ],
      "hash": "qqqezh5nshgvfmhxyedxebfis2amzapt"
    },
    "p7njdfajvqazxjlxfoapznq65lfpi2io": {
      "name": "apple-libuuid",
      "version": "1353.100.2",
      "arch": {
        "platform": "darwin",
        "platform_os": "monterey",
        "target": "x86_64"
      },
      "compiler": {
        "name": "apple-clang",
        "version": "13.0.0"
      },
      "namespace": "builtin",
      "parameters": {
        "cflags": [],
        "cppflags": [],
        "cxxflags": [],
        "fflags": [],
        "ldflags": [],
        "ldlibs": []
      },
      "external": {
        "path": "/Applications/Xcode.app/Contents/Developer/Platforms/MacOSX.platform/Developer/SDKs/MacOSX.sdk",
        "module": null,
        "extra_attributes": {}
      },
      "hash": "p7njdfajvqazxjlxfoapznq65lfpi2io"
    },
    "pqoulybddd5jze7febejsmcx3eerhroh": {
      "name": "expat",
      "version": "2.4.4",
      "arch": {
        "platform": "darwin",
        "platform_os": "monterey",
        "target": "x86_64"
      },
      "compiler": {
        "name": "apple-clang",
        "version": "13.0.0"
      },
      "namespace": "builtin",
      "parameters": {
        "libbsd": false,
        "cflags": [],
        "cppflags": [],
        "cxxflags": [],
        "fflags": [],
        "ldflags": [],
        "ldlibs": []
      },
      "hash": "pqoulybddd5jze7febejsmcx3eerhroh"
    },
    "ngx5qa3bz2fobe3c54ogguojbrfls2ol": {
      "name": "gettext",
      "version": "0.21",
      "arch": {
        "platform": "darwin",
        "platform_os": "monterey",
        "target": "x86_64"
      },
      "compiler": {
        "name": "apple-clang",
        "version": "13.0.0"
      },
      "namespace": "builtin",
      "parameters": {
        "bzip2": true,
        "curses": true,
        "git": true,
        "libunistring": false,
        "libxml2": true,
        "tar": true,
        "xz": true,
        "cflags": [],
        "cppflags": [],
        "cxxflags": [],
        "fflags": [],
        "ldflags": [],
        "ldlibs": []
      },
      "dependencies": [
        {
          "name": "bzip2",
          "build_hash": "6c3a74jawg2mkst5s3xjz2rvsgrxflnp",
          "type": [
            "build",
            "link"
          ]
        },
        {
          "name": "libiconv",
          "build_hash": "brlt6smd7ihozdfabr4em3vwspx6ryc4",
          "type": [
            "build",
            "link"
          ]
        },
        {
          "name": "libxml2",
          "build_hash": "kevr2rby2r35ymtovyhygvtfibo2cxbr",
          "type": [
            "build",
            "link"
          ]
        },
        {
          "name": "ncurses",
          "build_hash": "26m3ztan4nc7juaheohcg5ugrkew4hqt",
          "type": [
            "build",
            "link"
          ]
        },
        {
          "name": "tar",
          "build_hash": "dpciioqswwmbxd7rh6ni4nll2booug34",
          "type": [
            "build",
            "link"
          ]
        },
        {
          "name": "xz",
          "build_hash": "x5c5oesxiiclloghj4ccuwzs3rs2m65m",
          "type": [
            "build",
            "link",
            "run"
          ]
        }
      ],
      "hash": "ox5hygfc3mv5d2e2brhuyzvv5tbizmok"
    },
    "kevr2rby2r35ymtovyhygvtfibo2cxbr": {
      "name": "libxml2",
      "version": "2.9.12",
      "arch": {
        "platform": "darwin",
        "platform_os": "monterey",
        "target": "x86_64"
      },
      "compiler": {
        "name": "apple-clang",
        "version": "13.0.0"
      },
      "namespace": "builtin",
      "parameters": {
        "python": false,
        "cflags": [],
        "cppflags": [],
        "cxxflags": [],
        "fflags": [],
        "ldflags": [],
        "ldlibs": []
      },
      "dependencies": [
        {
          "name": "libiconv",
          "build_hash": "brlt6smd7ihozdfabr4em3vwspx6ryc4",
          "type": [
            "build",
            "link"
          ]
        },
        {
          "name": "pkgconf",
          "build_hash": "nt3e3jdlff6k3g2twm635sy6ii2fmjg2",
          "type": [
            "build"
          ]
        },
        {
          "name": "xz",
          "build_hash": "x5c5oesxiiclloghj4ccuwzs3rs2m65m",
          "type": [
            "build",
            "link"
          ]
        },
        {
          "name": "zlib",
          "build_hash": "fj3aancm72hxjybw6445d5uuftok6jvr",
          "type": [
            "build",
            "link"
          ]
        }
      ],
      "hash": "lsny6ceid6jeeunyzvfb3ds3lom2ycor"
    },
    "x5c5oesxiiclloghj4ccuwzs3rs2m65m": {
      "name": "xz",
      "version": "5.2.5",
      "arch": {
        "platform": "darwin",
        "platform_os": "monterey",
        "target": "x86_64"
      },
      "compiler": {
        "name": "apple-clang",
        "version": "13.0.0"
      },
      "namespace": "builtin",
      "parameters": {
        "libs": [
          "shared",
          "static"
        ],
        "pic": false,
        "cflags": [],
        "cppflags": [],
        "cxxflags": [],
        "fflags": [],
        "ldflags": [],
        "ldlibs": []
      },
      "hash": "x5c5oesxiiclloghj4ccuwzs3rs2m65m"
    },
    "dpciioqswwmbxd7rh6ni4nll2booug34": {
      "name": "tar",
      "version": "1.34",
      "arch": {
        "platform": "darwin",
        "platform_os": "monterey",
        "target": "x86_64"
      },
      "compiler": {
        "name": "apple-clang",
        "version": "13.0.0"
      },
      "namespace": "builtin",
      "parameters": {
        "cflags": [],
        "cppflags": [],
        "cxxflags": [],
        "fflags": [],
        "ldflags": [],
        "ldlibs": []
      },
      "dependencies": [
        {
          "name": "libiconv",
          "build_hash": "brlt6smd7ihozdfabr4em3vwspx6ryc4",
          "type": [
            "build",
            "link"
          ]
        }
      ],
      "hash": "nkhqy45h4s2yypuce63saa5unflzb4wk"
    },
    "yl2xcitpffepad2i23qf33xxbvlwj76o": {
      "name": "libffi",
      "version": "3.3",
      "arch": {
        "platform": "darwin",
        "platform_os": "monterey",
        "target": "x86_64"
      },
      "compiler": {
        "name": "apple-clang",
        "version": "13.0.0"
      },
      "namespace": "builtin",
      "parameters": {
        "patches": [
          "26f26c6f29a7ce9bf370ad3ab2610f99365b4bdd7b82e7c31df41a3370d685c0"
        ],
        "cflags": [],
        "cppflags": [],
        "cxxflags": [],
        "fflags": [],
        "ldflags": [],
        "ldlibs": []
      },
      "patches": [
        "26f26c6f29a7ce9bf370ad3ab2610f99365b4bdd7b82e7c31df41a3370d685c0"
      ],
      "hash": "yl2xcitpffepad2i23qf33xxbvlwj76o"
    },
    "lfoba3ssa573cxlzwc5oor7vwdd2xbe4": {
      "name": "sqlite",
      "version": "3.37.1",
      "arch": {
        "platform": "darwin",
        "platform_os": "monterey",
        "target": "x86_64"
      },
      "compiler": {
        "name": "apple-clang",
        "version": "13.0.0"
      },
      "namespace": "builtin",
      "parameters": {
        "column_metadata": true,
        "dynamic_extensions": true,
        "fts": true,
        "functions": false,
        "rtree": true,
        "cflags": [],
        "cppflags": [],
        "cxxflags": [],
        "fflags": [],
        "ldflags": [],
        "ldlibs": []
      },
      "dependencies": [
        {
          "name": "readline",
          "build_hash": "65efa3uv3j5zyz5vv5j74r2rcc4qjhwr",
          "type": [
            "build",
            "link"
          ]
        },
        {
          "name": "zlib",
          "build_hash": "fj3aancm72hxjybw6445d5uuftok6jvr",
          "type": [
            "build",
            "link"
          ]
        }
      ],
      "hash": "azdkedplczodvp27bjiodxrkppf5k7fy"
    },
    "774bypx642nqzhtfqowo6ic37gxjp5mk": {
      "name": "openmpi",
      "version": "4.1.2",
      "arch": {
        "platform": "darwin",
        "platform_os": "monterey",
        "target": "x86_64"
      },
      "compiler": {
        "name": "apple-clang",
        "version": "13.0.0"
      },
      "namespace": "builtin",
      "parameters": {
        "atomics": false,
        "cuda": false,
        "cxx": false,
        "cxx_exceptions": false,
        "fabrics": [
          "none"
        ],
        "gpfs": true,
        "internal-hwloc": false,
        "java": false,
        "legacylaunchers": false,
        "lustre": false,
        "memchecker": false,
        "pmi": false,
        "pmix": false,
        "romio": true,
        "schedulers": [
          "none"
        ],
        "singularity": false,
        "sqlite3": false,
        "static": true,
        "thread_multiple": false,
        "vt": true,
        "wrapper-rpath": true,
        "cflags": [],
        "cppflags": [],
        "cxxflags": [],
        "fflags": [],
        "ldflags": [],
        "ldlibs": []
      },
      "dependencies": [
        {
          "name": "hwloc",
          "build_hash": "kwiemd4ur4sbdhye6cpqhcirbdzfn7d5",
          "type": [
            "build",
            "link"
          ]
        },
        {
          "name": "libevent",
          "build_hash": "76zfhqro4y4z2bk2iujkscejnl5b6h2h",
          "type": [
            "build",
            "link"
          ]
        },
        {
          "name": "openssh",
          "build_hash": "oawrkil4a6vdozfd6f3ne356bklawuty",
          "type": [
            "run"
          ]
        },
        {
          "name": "perl",
          "build_hash": "khxcnmzv56febiv6iwfdwgg6ejgjjqsd",
          "type": [
            "build"
          ]
        },
        {
          "name": "pkgconf",
          "build_hash": "nt3e3jdlff6k3g2twm635sy6ii2fmjg2",
          "type": [
            "build"
          ]
        },
        {
          "name": "zlib",
          "build_hash": "fj3aancm72hxjybw6445d5uuftok6jvr",
          "type": [
            "build",
            "link"
          ]
        }
      ],
      "hash": "z7tvg5gwoln6q5xjpnw6lb24bhwmoelj"
    },
    "kwiemd4ur4sbdhye6cpqhcirbdzfn7d5": {
      "name": "hwloc",
      "version": "2.7.0",
      "arch": {
        "platform": "darwin",
        "platform_os": "monterey",
        "target": "x86_64"
      },
      "compiler": {
        "name": "apple-clang",
        "version": "13.0.0"
      },
      "namespace": "builtin",
      "parameters": {
        "cairo": false,
        "cuda": false,
        "gl": false,
        "libudev": false,
        "libxml2": true,
        "netloc": false,
        "nvml": false,
        "opencl": false,
        "pci": false,
        "rocm": false,
        "shared": true,
        "cflags": [],
        "cppflags": [],
        "cxxflags": [],
        "fflags": [],
        "ldflags": [],
        "ldlibs": []
      },
      "dependencies": [
        {
          "name": "libxml2",
          "build_hash": "kevr2rby2r35ymtovyhygvtfibo2cxbr",
          "type": [
            "build",
            "link"
          ]
        },
        {
          "name": "ncurses",
          "build_hash": "26m3ztan4nc7juaheohcg5ugrkew4hqt",
          "type": [
            "build",
            "link"
          ]
        },
        {
          "name": "pkgconf",
          "build_hash": "nt3e3jdlff6k3g2twm635sy6ii2fmjg2",
          "type": [
            "build"
          ]
        }
      ],
      "hash": "exe4xul46mv4jxfrqxqwfjlifkq3ng2e"
    },
    "76zfhqro4y4z2bk2iujkscejnl5b6h2h": {
      "name": "libevent",
      "version": "2.1.12",
      "arch": {
        "platform": "darwin",
        "platform_os": "monterey",
        "target": "x86_64"
      },
      "compiler": {
        "name": "apple-clang",
        "version": "13.0.0"
      },
      "namespace": "builtin",
      "parameters": {
        "openssl": true,
        "cflags": [],
        "cppflags": [],
        "cxxflags": [],
        "fflags": [],
        "ldflags": [],
        "ldlibs": []
      },
      "dependencies": [
        {
          "name": "openssl",
          "build_hash": "uq2vgd5rr5gp7rzgpvg6ekbeinn2hugh",
          "type": [
            "build",
            "link"
          ]
        }
      ],
      "hash": "m6civ37u47lm3kxraa7cmlqkykcgp2t3"
    },
    "oawrkil4a6vdozfd6f3ne356bklawuty": {
      "name": "openssh",
      "version": "8.6p1",
      "arch": {
        "platform": "darwin",
        "platform_os": "monterey",
        "target": "x86_64"
      },
      "compiler": {
        "name": "apple-clang",
        "version": "13.0.0"
      },
      "namespace": "builtin",
      "parameters": {
        "cflags": [],
        "cppflags": [],
        "cxxflags": [],
        "fflags": [],
        "ldflags": [],
        "ldlibs": []
      },
      "external": {
        "path": "/usr",
        "module": null,
        "extra_attributes": {}
      },
      "hash": "oawrkil4a6vdozfd6f3ne356bklawuty"
    },
    "piwgnrcjfduargenq6pgtiy6f476s6pv": {
      "name": "trilinos",
      "version": "13.2.0",
      "arch": {
        "platform": "darwin",
        "platform_os": "monterey",
        "target": "x86_64"
      },
      "compiler": {
        "name": "apple-clang",
        "version": "13.0.0"
      },
      "namespace": "builtin",
      "parameters": {
        "adios2": false,
        "amesos": false,
        "amesos2": true,
        "anasazi": true,
        "aztec": false,
        "basker": false,
        "belos": true,
        "boost": false,
        "build_type": "RelWithDebInfo",
        "chaco": false,
        "complex": false,
        "cuda": false,
        "cuda_rdc": false,
        "cxxstd": "14",
        "debug": false,
        "dtk": false,
        "epetra": false,
        "epetraext": false,
        "epetraextbtf": false,
        "epetraextexperimental": false,
        "epetraextgraphreorderings": false,
        "exodus": false,
        "explicit_template_instantiation": true,
        "float": false,
        "fortran": true,
        "gotype": "long_long",
        "gtest": false,
        "hdf5": false,
        "hypre": false,
        "ifpack": false,
        "ifpack2": true,
        "intrepid": false,
        "intrepid2": false,
        "ipo": false,
        "isorropia": false,
        "kokkos": true,
        "mesquite": false,
        "minitensor": false,
        "ml": false,
        "mpi": true,
        "muelu": true,
        "mumps": false,
        "nox": true,
        "openmp": false,
        "phalanx": false,
        "piro": false,
        "python": false,
        "rocm": false,
        "rocm_rdc": false,
        "rol": false,
        "rythmos": false,
        "sacado": true,
        "scorec": false,
        "shards": false,
        "shared": true,
        "shylu": false,
        "stk": false,
        "stokhos": false,
        "stratimikos": true,
        "strumpack": false,
        "suite-sparse": false,
        "superlu": false,
        "superlu-dist": false,
        "teko": false,
        "tempus": false,
        "tpetra": true,
        "trilinoscouplings": false,
        "wrapper": false,
        "x11": false,
        "zoltan": false,
        "zoltan2": false,
        "cflags": [],
        "cppflags": [],
        "cxxflags": [],
        "fflags": [],
        "ldflags": [],
        "ldlibs": []
      },
      "dependencies": [
        {
          "name": "cmake",
          "build_hash": "hthzodjtb64u36vn67oa5jelffiuckks",
          "type": [
            "build"
          ]
        },
        {
          "name": "hwloc",
          "build_hash": "kwiemd4ur4sbdhye6cpqhcirbdzfn7d5",
          "type": [
            "build",
            "link"
          ]
        },
        {
          "name": "openblas",
          "build_hash": "su23kvv3lgtzn43y77fdjtbbjl2ywpzo",
          "type": [
            "build",
            "link"
          ]
        },
        {
          "name": "openmpi",
          "build_hash": "774bypx642nqzhtfqowo6ic37gxjp5mk",
          "type": [
            "build",
            "link"
          ]
        }
      ],
      "hash": "cwcyu7fht7c46ij5ywq4itehnxaduo7p"
    },
    "su23kvv3lgtzn43y77fdjtbbjl2ywpzo": {
      "name": "openblas",
      "version": "0.3.19",
      "arch": {
        "platform": "darwin",
        "platform_os": "monterey",
        "target": "x86_64"
      },
      "compiler": {
        "name": "apple-clang",
        "version": "13.0.0"
      },
      "namespace": "builtin",
      "parameters": {
        "bignuma": false,
        "consistent_fpcsr": false,
        "ilp64": false,
        "locking": true,
        "pic": true,
        "shared": true,
        "symbol_suffix": "none",
        "threads": "none",
        "cflags": [],
        "cppflags": [],
        "cxxflags": [],
        "fflags": [],
        "ldflags": [],
        "ldlibs": []
      },
      "dependencies": [
        {
          "name": "perl",
          "build_hash": "khxcnmzv56febiv6iwfdwgg6ejgjjqsd",
          "type": [
            "build"
          ]
        }
      ],
      "hash": "zpewlinjqycmdsyta6oxpzfup3hwixsn"
    }
  }
}